// !$*UTF8*$!
{
	archiveVersion = 1;
	classes = {
	};
	objectVersion = 46;
	objects = {

/* Begin PBXBuildFile section */
		90296498152014AF002BAC2D /* UIKit.framework in Frameworks */ = {isa = PBXBuildFile; fileRef = 90296497152014AF002BAC2D /* UIKit.framework */; };
		9029649A152014AF002BAC2D /* Foundation.framework in Frameworks */ = {isa = PBXBuildFile; fileRef = 90296499152014AF002BAC2D /* Foundation.framework */; };
		9029649C152014AF002BAC2D /* CoreGraphics.framework in Frameworks */ = {isa = PBXBuildFile; fileRef = 9029649B152014AF002BAC2D /* CoreGraphics.framework */; };
		902964A2152014AF002BAC2D /* InfoPlist.strings in Resources */ = {isa = PBXBuildFile; fileRef = 902964A0152014AF002BAC2D /* InfoPlist.strings */; };
		902964A4152014B0002BAC2D /* main.m in Sources */ = {isa = PBXBuildFile; fileRef = 902964A3152014B0002BAC2D /* main.m */; };
		902964A8152014B0002BAC2D /* recipeAppDelegate.m in Sources */ = {isa = PBXBuildFile; fileRef = 902964A7152014B0002BAC2D /* recipeAppDelegate.m */; };
		902964AB152014B0002BAC2D /* MainWindow.xib in Resources */ = {isa = PBXBuildFile; fileRef = 902964A9152014B0002BAC2D /* MainWindow.xib */; };
		902964AE152014B0002BAC2D /* FirstViewController.m in Sources */ = {isa = PBXBuildFile; fileRef = 902964AD152014B0002BAC2D /* FirstViewController.m */; };
		902964B1152014B0002BAC2D /* SecondViewController.m in Sources */ = {isa = PBXBuildFile; fileRef = 902964B0152014B0002BAC2D /* SecondViewController.m */; };
		902964B4152014B0002BAC2D /* FirstView.xib in Resources */ = {isa = PBXBuildFile; fileRef = 902964B2152014B0002BAC2D /* FirstView.xib */; };
		902964B7152014B0002BAC2D /* SecondView.xib in Resources */ = {isa = PBXBuildFile; fileRef = 902964B5152014B0002BAC2D /* SecondView.xib */; };
		902964C015201E24002BAC2D /* AuthViewController.m in Sources */ = {isa = PBXBuildFile; fileRef = 902964BE15201E24002BAC2D /* AuthViewController.m */; };
		902964C115201E24002BAC2D /* AuthViewController.xib in Resources */ = {isa = PBXBuildFile; fileRef = 902964BF15201E24002BAC2D /* AuthViewController.xib */; };
		902964C5152039BF002BAC2D /* LoginViewController.m in Sources */ = {isa = PBXBuildFile; fileRef = 902964C3152039BF002BAC2D /* LoginViewController.m */; };
		902964C6152039BF002BAC2D /* LoginViewController.xib in Resources */ = {isa = PBXBuildFile; fileRef = 902964C4152039BF002BAC2D /* LoginViewController.xib */; };
		902964CA152039FF002BAC2D /* RegisterViewController.m in Sources */ = {isa = PBXBuildFile; fileRef = 902964C8152039FF002BAC2D /* RegisterViewController.m */; };
		902964CB152039FF002BAC2D /* RegisterViewController.xib in Resources */ = {isa = PBXBuildFile; fileRef = 902964C9152039FF002BAC2D /* RegisterViewController.xib */; };
/* End PBXBuildFile section */

/* Begin PBXFileReference section */
		90296493152014AF002BAC2D /* recipe.app */ = {isa = PBXFileReference; explicitFileType = wrapper.application; includeInIndex = 0; path = recipe.app; sourceTree = BUILT_PRODUCTS_DIR; };
		90296497152014AF002BAC2D /* UIKit.framework */ = {isa = PBXFileReference; lastKnownFileType = wrapper.framework; name = UIKit.framework; path = System/Library/Frameworks/UIKit.framework; sourceTree = SDKROOT; };
		90296499152014AF002BAC2D /* Foundation.framework */ = {isa = PBXFileReference; lastKnownFileType = wrapper.framework; name = Foundation.framework; path = System/Library/Frameworks/Foundation.framework; sourceTree = SDKROOT; };
		9029649B152014AF002BAC2D /* CoreGraphics.framework */ = {isa = PBXFileReference; lastKnownFileType = wrapper.framework; name = CoreGraphics.framework; path = System/Library/Frameworks/CoreGraphics.framework; sourceTree = SDKROOT; };
		9029649F152014AF002BAC2D /* recipe-Info.plist */ = {isa = PBXFileReference; lastKnownFileType = text.plist.xml; path = "recipe-Info.plist"; sourceTree = "<group>"; };
		902964A1152014AF002BAC2D /* en */ = {isa = PBXFileReference; lastKnownFileType = text.plist.strings; name = en; path = en.lproj/InfoPlist.strings; sourceTree = "<group>"; };
		902964A3152014B0002BAC2D /* main.m */ = {isa = PBXFileReference; lastKnownFileType = sourcecode.c.objc; path = main.m; sourceTree = "<group>"; };
		902964A5152014B0002BAC2D /* recipe-Prefix.pch */ = {isa = PBXFileReference; lastKnownFileType = sourcecode.c.h; path = "recipe-Prefix.pch"; sourceTree = "<group>"; };
		902964A6152014B0002BAC2D /* recipeAppDelegate.h */ = {isa = PBXFileReference; lastKnownFileType = sourcecode.c.h; path = recipeAppDelegate.h; sourceTree = "<group>"; };
		902964A7152014B0002BAC2D /* recipeAppDelegate.m */ = {isa = PBXFileReference; lastKnownFileType = sourcecode.c.objc; path = recipeAppDelegate.m; sourceTree = "<group>"; };
		902964AA152014B0002BAC2D /* en */ = {isa = PBXFileReference; lastKnownFileType = file.xib; name = en; path = en.lproj/MainWindow.xib; sourceTree = "<group>"; };
		902964AC152014B0002BAC2D /* FirstViewController.h */ = {isa = PBXFileReference; lastKnownFileType = sourcecode.c.h; path = FirstViewController.h; sourceTree = "<group>"; };
		902964AD152014B0002BAC2D /* FirstViewController.m */ = {isa = PBXFileReference; lastKnownFileType = sourcecode.c.objc; path = FirstViewController.m; sourceTree = "<group>"; };
		902964AF152014B0002BAC2D /* SecondViewController.h */ = {isa = PBXFileReference; lastKnownFileType = sourcecode.c.h; path = SecondViewController.h; sourceTree = "<group>"; };
		902964B0152014B0002BAC2D /* SecondViewController.m */ = {isa = PBXFileReference; lastKnownFileType = sourcecode.c.objc; path = SecondViewController.m; sourceTree = "<group>"; };
		902964B3152014B0002BAC2D /* en */ = {isa = PBXFileReference; lastKnownFileType = file.xib; name = en; path = en.lproj/FirstView.xib; sourceTree = "<group>"; };
		902964B6152014B0002BAC2D /* en */ = {isa = PBXFileReference; lastKnownFileType = file.xib; name = en; path = en.lproj/SecondView.xib; sourceTree = "<group>"; };
		902964BD15201E24002BAC2D /* AuthViewController.h */ = {isa = PBXFileReference; fileEncoding = 4; lastKnownFileType = sourcecode.c.h; path = AuthViewController.h; sourceTree = "<group>"; };
		902964BE15201E24002BAC2D /* AuthViewController.m */ = {isa = PBXFileReference; fileEncoding = 4; lastKnownFileType = sourcecode.c.objc; path = AuthViewController.m; sourceTree = "<group>"; };
		902964BF15201E24002BAC2D /* AuthViewController.xib */ = {isa = PBXFileReference; fileEncoding = 4; lastKnownFileType = file.xib; path = AuthViewController.xib; sourceTree = "<group>"; };
		902964C2152039BF002BAC2D /* LoginViewController.h */ = {isa = PBXFileReference; fileEncoding = 4; lastKnownFileType = sourcecode.c.h; path = LoginViewController.h; sourceTree = "<group>"; };
		902964C3152039BF002BAC2D /* LoginViewController.m */ = {isa = PBXFileReference; fileEncoding = 4; lastKnownFileType = sourcecode.c.objc; path = LoginViewController.m; sourceTree = "<group>"; };
		902964C4152039BF002BAC2D /* LoginViewController.xib */ = {isa = PBXFileReference; fileEncoding = 4; lastKnownFileType = file.xib; path = LoginViewController.xib; sourceTree = "<group>"; };
		902964C7152039FF002BAC2D /* RegisterViewController.h */ = {isa = PBXFileReference; fileEncoding = 4; lastKnownFileType = sourcecode.c.h; path = RegisterViewController.h; sourceTree = "<group>"; };
		902964C8152039FF002BAC2D /* RegisterViewController.m */ = {isa = PBXFileReference; fileEncoding = 4; lastKnownFileType = sourcecode.c.objc; path = RegisterViewController.m; sourceTree = "<group>"; };
		902964C9152039FF002BAC2D /* RegisterViewController.xib */ = {isa = PBXFileReference; fileEncoding = 4; lastKnownFileType = file.xib; path = RegisterViewController.xib; sourceTree = "<group>"; };
/* End PBXFileReference section */

/* Begin PBXFrameworksBuildPhase section */
		90296490152014AF002BAC2D /* Frameworks */ = {
			isa = PBXFrameworksBuildPhase;
			buildActionMask = 2147483647;
			files = (
				90296498152014AF002BAC2D /* UIKit.framework in Frameworks */,
				9029649A152014AF002BAC2D /* Foundation.framework in Frameworks */,
				9029649C152014AF002BAC2D /* CoreGraphics.framework in Frameworks */,
			);
			runOnlyForDeploymentPostprocessing = 0;
		};
/* End PBXFrameworksBuildPhase section */

/* Begin PBXGroup section */
		90296488152014AF002BAC2D = {
			isa = PBXGroup;
			children = (
				9029649D152014AF002BAC2D /* recipe */,
				90296496152014AF002BAC2D /* Frameworks */,
				90296494152014AF002BAC2D /* Products */,
			);
			sourceTree = "<group>";
		};
		90296494152014AF002BAC2D /* Products */ = {
			isa = PBXGroup;
			children = (
				90296493152014AF002BAC2D /* recipe.app */,
			);
			name = Products;
			sourceTree = "<group>";
		};
		90296496152014AF002BAC2D /* Frameworks */ = {
			isa = PBXGroup;
			children = (
				90296497152014AF002BAC2D /* UIKit.framework */,
				90296499152014AF002BAC2D /* Foundation.framework */,
				9029649B152014AF002BAC2D /* CoreGraphics.framework */,
			);
			name = Frameworks;
			sourceTree = "<group>";
		};
		9029649D152014AF002BAC2D /* recipe */ = {
			isa = PBXGroup;
			children = (
				902964A6152014B0002BAC2D /* recipeAppDelegate.h */,
				902964A7152014B0002BAC2D /* recipeAppDelegate.m */,
				902964A9152014B0002BAC2D /* MainWindow.xib */,
				902964BD15201E24002BAC2D /* AuthViewController.h */,
				902964BE15201E24002BAC2D /* AuthViewController.m */,
				902964BF15201E24002BAC2D /* AuthViewController.xib */,
				902964C2152039BF002BAC2D /* LoginViewController.h */,
				902964C3152039BF002BAC2D /* LoginViewController.m */,
				902964C4152039BF002BAC2D /* LoginViewController.xib */,
				902964C7152039FF002BAC2D /* RegisterViewController.h */,
				902964C8152039FF002BAC2D /* RegisterViewController.m */,
				902964C9152039FF002BAC2D /* RegisterViewController.xib */,
				902964AC152014B0002BAC2D /* FirstViewController.h */,
				902964AD152014B0002BAC2D /* FirstViewController.m */,
				902964AF152014B0002BAC2D /* SecondViewController.h */,
				902964B0152014B0002BAC2D /* SecondViewController.m */,
				902964B2152014B0002BAC2D /* FirstView.xib */,
				902964B5152014B0002BAC2D /* SecondView.xib */,
				9029649E152014AF002BAC2D /* Supporting Files */,
			);
			path = recipe;
			sourceTree = "<group>";
		};
		9029649E152014AF002BAC2D /* Supporting Files */ = {
			isa = PBXGroup;
			children = (
				9029649F152014AF002BAC2D /* recipe-Info.plist */,
				902964A0152014AF002BAC2D /* InfoPlist.strings */,
				902964A3152014B0002BAC2D /* main.m */,
				902964A5152014B0002BAC2D /* recipe-Prefix.pch */,
			);
			name = "Supporting Files";
			sourceTree = "<group>";
		};
/* End PBXGroup section */

/* Begin PBXNativeTarget section */
		90296492152014AF002BAC2D /* recipe */ = {
			isa = PBXNativeTarget;
			buildConfigurationList = 902964BA152014B0002BAC2D /* Build configuration list for PBXNativeTarget "recipe" */;
			buildPhases = (
				9029648F152014AF002BAC2D /* Sources */,
				90296490152014AF002BAC2D /* Frameworks */,
				90296491152014AF002BAC2D /* Resources */,
			);
			buildRules = (
			);
			dependencies = (
			);
			name = recipe;
			productName = recipe;
			productReference = 90296493152014AF002BAC2D /* recipe.app */;
			productType = "com.apple.product-type.application";
		};
/* End PBXNativeTarget section */

/* Begin PBXProject section */
		9029648A152014AF002BAC2D /* Project object */ = {
			isa = PBXProject;
			buildConfigurationList = 9029648D152014AF002BAC2D /* Build configuration list for PBXProject "recipe" */;
			compatibilityVersion = "Xcode 3.2";
			developmentRegion = English;
			hasScannedForEncodings = 0;
			knownRegions = (
				en,
			);
			mainGroup = 90296488152014AF002BAC2D;
			productRefGroup = 90296494152014AF002BAC2D /* Products */;
			projectDirPath = "";
			projectRoot = "";
			targets = (
				90296492152014AF002BAC2D /* recipe */,
			);
		};
/* End PBXProject section */

/* Begin PBXResourcesBuildPhase section */
		90296491152014AF002BAC2D /* Resources */ = {
			isa = PBXResourcesBuildPhase;
			buildActionMask = 2147483647;
			files = (
				902964A2152014AF002BAC2D /* InfoPlist.strings in Resources */,
				902964AB152014B0002BAC2D /* MainWindow.xib in Resources */,
				902964B4152014B0002BAC2D /* FirstView.xib in Resources */,
				902964B7152014B0002BAC2D /* SecondView.xib in Resources */,
				902964C115201E24002BAC2D /* AuthViewController.xib in Resources */,
				902964C6152039BF002BAC2D /* LoginViewController.xib in Resources */,
				902964CB152039FF002BAC2D /* RegisterViewController.xib in Resources */,
			);
			runOnlyForDeploymentPostprocessing = 0;
		};
/* End PBXResourcesBuildPhase section */

/* Begin PBXSourcesBuildPhase section */
		9029648F152014AF002BAC2D /* Sources */ = {
			isa = PBXSourcesBuildPhase;
			buildActionMask = 2147483647;
			files = (
				902964A4152014B0002BAC2D /* main.m in Sources */,
				902964A8152014B0002BAC2D /* recipeAppDelegate.m in Sources */,
				902964AE152014B0002BAC2D /* FirstViewController.m in Sources */,
				902964B1152014B0002BAC2D /* SecondViewController.m in Sources */,
				902964C015201E24002BAC2D /* AuthViewController.m in Sources */,
				902964C5152039BF002BAC2D /* LoginViewController.m in Sources */,
				902964CA152039FF002BAC2D /* RegisterViewController.m in Sources */,
			);
			runOnlyForDeploymentPostprocessing = 0;
		};
/* End PBXSourcesBuildPhase section */

/* Begin PBXVariantGroup section */
		902964A0152014AF002BAC2D /* InfoPlist.strings */ = {
			isa = PBXVariantGroup;
			children = (
				902964A1152014AF002BAC2D /* en */,
			);
			name = InfoPlist.strings;
			sourceTree = "<group>";
		};
		902964A9152014B0002BAC2D /* MainWindow.xib */ = {
			isa = PBXVariantGroup;
			children = (
				902964AA152014B0002BAC2D /* en */,
			);
			name = MainWindow.xib;
			sourceTree = "<group>";
		};
		902964B2152014B0002BAC2D /* FirstView.xib */ = {
			isa = PBXVariantGroup;
			children = (
				902964B3152014B0002BAC2D /* en */,
			);
			name = FirstView.xib;
			sourceTree = "<group>";
		};
		902964B5152014B0002BAC2D /* SecondView.xib */ = {
			isa = PBXVariantGroup;
			children = (
				902964B6152014B0002BAC2D /* en */,
			);
			name = SecondView.xib;
			sourceTree = "<group>";
		};
/* End PBXVariantGroup section */

/* Begin XCBuildConfiguration section */
		902964B8152014B0002BAC2D /* Debug */ = {
			isa = XCBuildConfiguration;
			buildSettings = {
				ALWAYS_SEARCH_USER_PATHS = NO;
				ARCHS = "$(ARCHS_STANDARD_32_BIT)";
				"CODE_SIGN_IDENTITY[sdk=iphoneos*]" = "iPhone Developer";
				COPY_PHASE_STRIP = NO;
				GCC_C_LANGUAGE_STANDARD = gnu99;
				GCC_DYNAMIC_NO_PIC = NO;
				GCC_OPTIMIZATION_LEVEL = 0;
				GCC_PREPROCESSOR_DEFINITIONS = (
					"DEBUG=1",
					"$(inherited)",
				);
				GCC_SYMBOLS_PRIVATE_EXTERN = NO;
				GCC_VERSION = com.apple.compilers.llvmgcc42;
				GCC_WARN_ABOUT_MISSING_PROTOTYPES = YES;
				GCC_WARN_ABOUT_RETURN_TYPE = YES;
				GCC_WARN_UNUSED_VARIABLE = YES;
				IPHONEOS_DEPLOYMENT_TARGET = 4.3;
				SDKROOT = iphoneos;
			};
			name = Debug;
		};
		902964B9152014B0002BAC2D /* Release */ = {
			isa = XCBuildConfiguration;
			buildSettings = {
				ALWAYS_SEARCH_USER_PATHS = NO;
				ARCHS = "$(ARCHS_STANDARD_32_BIT)";
				"CODE_SIGN_IDENTITY[sdk=iphoneos*]" = "iPhone Developer";
				COPY_PHASE_STRIP = YES;
				GCC_C_LANGUAGE_STANDARD = gnu99;
				GCC_VERSION = com.apple.compilers.llvmgcc42;
				GCC_WARN_ABOUT_MISSING_PROTOTYPES = YES;
				GCC_WARN_ABOUT_RETURN_TYPE = YES;
				GCC_WARN_UNUSED_VARIABLE = YES;
				IPHONEOS_DEPLOYMENT_TARGET = 4.3;
				OTHER_CFLAGS = "-DNS_BLOCK_ASSERTIONS=1";
				SDKROOT = iphoneos;
				VALIDATE_PRODUCT = YES;
			};
			name = Release;
		};
		902964BB152014B0002BAC2D /* Debug */ = {
			isa = XCBuildConfiguration;
			buildSettings = {
				GCC_PRECOMPILE_PREFIX_HEADER = YES;
				GCC_PREFIX_HEADER = "recipe/recipe-Prefix.pch";
				INFOPLIST_FILE = "recipe/recipe-Info.plist";
				IPHONEOS_DEPLOYMENT_TARGET = 4.3;
				PRODUCT_NAME = "$(TARGET_NAME)";
				TARGETED_DEVICE_FAMILY = 1;
				WRAPPER_EXTENSION = app;
			};
			name = Debug;
		};
		902964BC152014B0002BAC2D /* Release */ = {
			isa = XCBuildConfiguration;
			buildSettings = {
				GCC_PRECOMPILE_PREFIX_HEADER = YES;
				GCC_PREFIX_HEADER = "recipe/recipe-Prefix.pch";
				INFOPLIST_FILE = "recipe/recipe-Info.plist";
				IPHONEOS_DEPLOYMENT_TARGET = 4.3;
				PRODUCT_NAME = "$(TARGET_NAME)";
				TARGETED_DEVICE_FAMILY = 1;
				WRAPPER_EXTENSION = app;
			};
			name = Release;
		};
/* End XCBuildConfiguration section */

/* Begin XCConfigurationList section */
		9029648D152014AF002BAC2D /* Build configuration list for PBXProject "recipe" */ = {
			isa = XCConfigurationList;
			buildConfigurations = (
				902964B8152014B0002BAC2D /* Debug */,
				902964B9152014B0002BAC2D /* Release */,
			);
			defaultConfigurationIsVisible = 0;
			defaultConfigurationName = Release;
		};
		902964BA152014B0002BAC2D /* Build configuration list for PBXNativeTarget "recipe" */ = {
			isa = XCConfigurationList;
			buildConfigurations = (
				902964BB152014B0002BAC2D /* Debug */,
				902964BC152014B0002BAC2D /* Release */,
			);
			defaultConfigurationIsVisible = 0;
		};
/* End XCConfigurationList section */
	};
	rootObject = 9029648A152014AF002BAC2D /* Project object */;
}
