// !$*UTF8*$!
{
	archiveVersion = 1;
	classes = {
	};
	objectVersion = 46;
	objects = {

/* Begin PBXBuildFile section */
		4929F521155124A900D60AEF /* NSStringUtil.m in Sources */ = {isa = PBXBuildFile; fileRef = 4929F520155124A900D60AEF /* NSStringUtil.m */; };
		5A0AD4CB1536C24E00D057A9 /* ASIForm2DataRequest.m in Sources */ = {isa = PBXBuildFile; fileRef = 5A0AD4CA1536C24E00D057A9 /* ASIForm2DataRequest.m */; settings = {COMPILER_FLAGS = "-fno-objc-arc"; }; };
		5A0AD4CE1536C62800D057A9 /* ASI2HTTPRequest.m in Sources */ = {isa = PBXBuildFile; fileRef = 5A0AD4CD1536C62800D057A9 /* ASI2HTTPRequest.m */; settings = {COMPILER_FLAGS = "-fno-objc-arc"; }; };
		5A3828EF152C605D00400A54 /* ResultViewController.m in Sources */ = {isa = PBXBuildFile; fileRef = 5A3828ED152C605900400A54 /* ResultViewController.m */; };
		5A3828F0152C605D00400A54 /* ResultViewController.xib in Resources */ = {isa = PBXBuildFile; fileRef = 5A3828EE152C605B00400A54 /* ResultViewController.xib */; };
		5A3B818115367AE0007BD9ED /* MobileCoreServices.framework in Frameworks */ = {isa = PBXBuildFile; fileRef = 5A3B818015367AE0007BD9ED /* MobileCoreServices.framework */; };
		5A3B818315367AF5007BD9ED /* SystemConfiguration.framework in Frameworks */ = {isa = PBXBuildFile; fileRef = 5A3B818215367AF5007BD9ED /* SystemConfiguration.framework */; };
		5A3B818515367B04007BD9ED /* CFNetwork.framework in Frameworks */ = {isa = PBXBuildFile; fileRef = 5A3B818415367B04007BD9ED /* CFNetwork.framework */; };
		5A3B818715367B2A007BD9ED /* libz.1.2.5.dylib in Frameworks */ = {isa = PBXBuildFile; fileRef = 5A3B818615367B2A007BD9ED /* libz.1.2.5.dylib */; };
		5AC54A1D152D86D000C87E3E /* IngredientListViewController.m in Sources */ = {isa = PBXBuildFile; fileRef = 5AC54A1B152D86D000C87E3E /* IngredientListViewController.m */; };
		5AC54A1E152D86D000C87E3E /* IngredientListViewController.xib in Resources */ = {isa = PBXBuildFile; fileRef = 5AC54A1C152D86D000C87E3E /* IngredientListViewController.xib */; };
		5AC54A23152D86F200C87E3E /* StepListViewController.m in Sources */ = {isa = PBXBuildFile; fileRef = 5AC54A21152D86F100C87E3E /* StepListViewController.m */; };
		5AC54A24152D86F200C87E3E /* StepListViewController.xib in Resources */ = {isa = PBXBuildFile; fileRef = 5AC54A22152D86F100C87E3E /* StepListViewController.xib */; };
		5AC54A28152D8AE200C87E3E /* MapViewController.m in Sources */ = {isa = PBXBuildFile; fileRef = 5AC54A26152D8AE200C87E3E /* MapViewController.m */; };
		5AC54A29152D8AE200C87E3E /* MapViewController.xib in Resources */ = {isa = PBXBuildFile; fileRef = 5AC54A27152D8AE200C87E3E /* MapViewController.xib */; };
		5ACB0912154A4EE600C0FFCB /* user.xml in Resources */ = {isa = PBXBuildFile; fileRef = 5ACB0911154A4EE600C0FFCB /* user.xml */; };
		5AD404EB152E80C30045E74A /* CategoryXMLHandler.m in Sources */ = {isa = PBXBuildFile; fileRef = 5AD404EA152E80C30045E74A /* CategoryXMLHandler.m */; };
		5AD404EE152E81310045E74A /* RecipeXMLHandler.m in Sources */ = {isa = PBXBuildFile; fileRef = 5AD404ED152E81310045E74A /* RecipeXMLHandler.m */; };
		5AD404F1152E81890045E74A /* IngredientXMLHandler.m in Sources */ = {isa = PBXBuildFile; fileRef = 5AD404F0152E81890045E74A /* IngredientXMLHandler.m */; };
		5AD404F4152E819E0045E74A /* StepXMLHandler.m in Sources */ = {isa = PBXBuildFile; fileRef = 5AD404F3152E819E0045E74A /* StepXMLHandler.m */; };
		5AD404F7152E81B60045E74A /* StoreXMLHandler.m in Sources */ = {isa = PBXBuildFile; fileRef = 5AD404F6152E81B60045E74A /* StoreXMLHandler.m */; };
		5AD404FA152E82900045E74A /* UserXMLHandler.m in Sources */ = {isa = PBXBuildFile; fileRef = 5AD404F9152E82900045E74A /* UserXMLHandler.m */; };
		5AD404FC152EC5B50045E74A /* xml.xml in Resources */ = {isa = PBXBuildFile; fileRef = 5AD404FB152EC5B50045E74A /* xml.xml */; };
		5AD40508152EF4340045E74A /* BaseXMLHandler.m in Sources */ = {isa = PBXBuildFile; fileRef = 5AD40507152EF4340045E74A /* BaseXMLHandler.m */; };
		5AD40516152F08530045E74A /* beef.jpg in Resources */ = {isa = PBXBuildFile; fileRef = 5AD40515152F08530045E74A /* beef.jpg */; };
		5ADF1385152A9182008B521A /* RecipeListViewController.m in Sources */ = {isa = PBXBuildFile; fileRef = 5ADF1383152A9182008B521A /* RecipeListViewController.m */; };
		5ADF1386152A9182008B521A /* RecipeListViewController.xib in Resources */ = {isa = PBXBuildFile; fileRef = 5ADF1384152A9182008B521A /* RecipeListViewController.xib */; };
		5AEA8BF0153686250097C796 /* ApplicationService.m in Sources */ = {isa = PBXBuildFile; fileRef = 5AEA8BEF153686250097C796 /* ApplicationService.m */; };
		5AEA8C12153688C50097C796 /* MBProgressHUD.m in Sources */ = {isa = PBXBuildFile; fileRef = 5AEA8C11153688C50097C796 /* MBProgressHUD.m */; settings = {COMPILER_FLAGS = "-fno-objc-arc"; }; };
		5AEA8C2715368D900097C796 /* ASIAuthenticationDialog.m in Sources */ = {isa = PBXBuildFile; fileRef = 5AEA8C1415368D900097C796 /* ASIAuthenticationDialog.m */; settings = {COMPILER_FLAGS = "-fno-objc-arc"; }; };
		5AEA8C2815368D900097C796 /* ASIDataCompressor.m in Sources */ = {isa = PBXBuildFile; fileRef = 5AEA8C1715368D900097C796 /* ASIDataCompressor.m */; settings = {COMPILER_FLAGS = "-fno-objc-arc"; }; };
		5AEA8C2915368D900097C796 /* ASIDataDecompressor.m in Sources */ = {isa = PBXBuildFile; fileRef = 5AEA8C1915368D900097C796 /* ASIDataDecompressor.m */; settings = {COMPILER_FLAGS = "-fno-objc-arc"; }; };
		5AEA8C2A15368D900097C796 /* ASIDownloadCache.m in Sources */ = {isa = PBXBuildFile; fileRef = 5AEA8C1B15368D900097C796 /* ASIDownloadCache.m */; settings = {COMPILER_FLAGS = "-fno-objc-arc"; }; };
		5AEA8C2B15368D900097C796 /* ASIFormDataRequest.m in Sources */ = {isa = PBXBuildFile; fileRef = 5AEA8C1D15368D900097C796 /* ASIFormDataRequest.m */; settings = {COMPILER_FLAGS = "-fno-objc-arc"; }; };
		5AEA8C2C15368D900097C796 /* ASIHTTPRequest.m in Sources */ = {isa = PBXBuildFile; fileRef = 5AEA8C1F15368D900097C796 /* ASIHTTPRequest.m */; settings = {COMPILER_FLAGS = "-fno-objc-arc"; }; };
		5AEA8C2D15368D900097C796 /* ASIInputStream.m in Sources */ = {isa = PBXBuildFile; fileRef = 5AEA8C2315368D900097C796 /* ASIInputStream.m */; settings = {COMPILER_FLAGS = "-fno-objc-arc"; }; };
		5AEA8C2E15368D900097C796 /* ASINetworkQueue.m in Sources */ = {isa = PBXBuildFile; fileRef = 5AEA8C2515368D900097C796 /* ASINetworkQueue.m */; settings = {COMPILER_FLAGS = "-fno-objc-arc"; }; };
		5AEA8C3115368D9B0097C796 /* Reachability.m in Sources */ = {isa = PBXBuildFile; fileRef = 5AEA8C3015368D9B0097C796 /* Reachability.m */; settings = {COMPILER_FLAGS = "-fno-objc-arc"; }; };
		90296498152014AF002BAC2D /* UIKit.framework in Frameworks */ = {isa = PBXBuildFile; fileRef = 90296497152014AF002BAC2D /* UIKit.framework */; };
		9029649A152014AF002BAC2D /* Foundation.framework in Frameworks */ = {isa = PBXBuildFile; fileRef = 90296499152014AF002BAC2D /* Foundation.framework */; };
		9029649C152014AF002BAC2D /* CoreGraphics.framework in Frameworks */ = {isa = PBXBuildFile; fileRef = 9029649B152014AF002BAC2D /* CoreGraphics.framework */; };
		902964A2152014AF002BAC2D /* InfoPlist.strings in Resources */ = {isa = PBXBuildFile; fileRef = 902964A0152014AF002BAC2D /* InfoPlist.strings */; };
		902964A4152014B0002BAC2D /* main.m in Sources */ = {isa = PBXBuildFile; fileRef = 902964A3152014B0002BAC2D /* main.m */; };
		902964A8152014B0002BAC2D /* recipeAppDelegate.m in Sources */ = {isa = PBXBuildFile; fileRef = 902964A7152014B0002BAC2D /* recipeAppDelegate.m */; };
		902964AB152014B0002BAC2D /* MainWindow.xib in Resources */ = {isa = PBXBuildFile; fileRef = 902964A9152014B0002BAC2D /* MainWindow.xib */; };
		902964C015201E24002BAC2D /* AuthViewController.m in Sources */ = {isa = PBXBuildFile; fileRef = 902964BE15201E24002BAC2D /* AuthViewController.m */; };
		902964C115201E24002BAC2D /* AuthViewController.xib in Resources */ = {isa = PBXBuildFile; fileRef = 902964BF15201E24002BAC2D /* AuthViewController.xib */; };
		902964C5152039BF002BAC2D /* LoginViewController.m in Sources */ = {isa = PBXBuildFile; fileRef = 902964C3152039BF002BAC2D /* LoginViewController.m */; };
		902964C6152039BF002BAC2D /* LoginViewController.xib in Resources */ = {isa = PBXBuildFile; fileRef = 902964C4152039BF002BAC2D /* LoginViewController.xib */; };
		902964CA152039FF002BAC2D /* RegisterViewController.m in Sources */ = {isa = PBXBuildFile; fileRef = 902964C8152039FF002BAC2D /* RegisterViewController.m */; };
		902964CB152039FF002BAC2D /* RegisterViewController.xib in Resources */ = {isa = PBXBuildFile; fileRef = 902964C9152039FF002BAC2D /* RegisterViewController.xib */; };
		90829C271522C22C00E6BFC9 /* CoreLocation.framework in Frameworks */ = {isa = PBXBuildFile; fileRef = 90829C261522C22B00E6BFC9 /* CoreLocation.framework */; };
		908409AF1521666300FA078B /* HomeViewController.m in Sources */ = {isa = PBXBuildFile; fileRef = 908409AD1521666300FA078B /* HomeViewController.m */; };
		908409B01521666300FA078B /* HomeViewController.xib in Resources */ = {isa = PBXBuildFile; fileRef = 908409AE1521666300FA078B /* HomeViewController.xib */; };
		908409B51521668400FA078B /* MyRecipeViewController.m in Sources */ = {isa = PBXBuildFile; fileRef = 908409B31521668400FA078B /* MyRecipeViewController.m */; };
		908409B61521668400FA078B /* MyRecipeViewController.xib in Resources */ = {isa = PBXBuildFile; fileRef = 908409B41521668400FA078B /* MyRecipeViewController.xib */; };
		908409BA152166C100FA078B /* ToDoViewController.m in Sources */ = {isa = PBXBuildFile; fileRef = 908409B8152166C100FA078B /* ToDoViewController.m */; };
		908409BB152166C100FA078B /* ToDoViewController.xib in Resources */ = {isa = PBXBuildFile; fileRef = 908409B9152166C100FA078B /* ToDoViewController.xib */; };
		908409CD1521C2E800FA078B /* Category.m in Sources */ = {isa = PBXBuildFile; fileRef = 908409CC1521C2E800FA078B /* Category.m */; };
		908409D01521C32900FA078B /* Recipe.m in Sources */ = {isa = PBXBuildFile; fileRef = 908409CF1521C32900FA078B /* Recipe.m */; };
		908409D31521C38D00FA078B /* Ingredient.m in Sources */ = {isa = PBXBuildFile; fileRef = 908409D21521C38D00FA078B /* Ingredient.m */; };
		908409D61521C39700FA078B /* Store.m in Sources */ = {isa = PBXBuildFile; fileRef = 908409D51521C39700FA078B /* Store.m */; };
		908409D91521C3B900FA078B /* Step.m in Sources */ = {isa = PBXBuildFile; fileRef = 908409D81521C3B900FA078B /* Step.m */; };
		908409DC1521C3E800FA078B /* User.m in Sources */ = {isa = PBXBuildFile; fileRef = 908409DB1521C3E700FA078B /* User.m */; };
		9084A2F01522F1FB00BDEDC4 /* CategoryCell.m in Sources */ = {isa = PBXBuildFile; fileRef = 9084A2EF1522F1FB00BDEDC4 /* CategoryCell.m */; };
		9084A2F21522F83F00BDEDC4 /* kira.png in Resources */ = {isa = PBXBuildFile; fileRef = 9084A2F11522F83F00BDEDC4 /* kira.png */; };
		9084A2F61523282000BDEDC4 /* RecipeViewController.m in Sources */ = {isa = PBXBuildFile; fileRef = 9084A2F41523281F00BDEDC4 /* RecipeViewController.m */; };
		9084A2F71523282000BDEDC4 /* RecipeViewController.xib in Resources */ = {isa = PBXBuildFile; fileRef = 9084A2F51523281F00BDEDC4 /* RecipeViewController.xib */; };
		9084A2FB152328E700BDEDC4 /* IngredientViewController.m in Sources */ = {isa = PBXBuildFile; fileRef = 9084A2F9152328E600BDEDC4 /* IngredientViewController.m */; };
		9084A2FC152328E700BDEDC4 /* IngredientViewController.xib in Resources */ = {isa = PBXBuildFile; fileRef = 9084A2FA152328E600BDEDC4 /* IngredientViewController.xib */; };
		9084A3001523293D00BDEDC4 /* StepViewController.m in Sources */ = {isa = PBXBuildFile; fileRef = 9084A2FE1523293D00BDEDC4 /* StepViewController.m */; };
		9084A3011523293D00BDEDC4 /* StepViewController.xib in Resources */ = {isa = PBXBuildFile; fileRef = 9084A2FF1523293D00BDEDC4 /* StepViewController.xib */; };
		970F2C4C1564A74D00A787E5 /* FeedViewController.m in Sources */ = {isa = PBXBuildFile; fileRef = 970F2C4A1564A74D00A787E5 /* FeedViewController.m */; };
		970F2C4D1564A74D00A787E5 /* FeedViewController.xib in Resources */ = {isa = PBXBuildFile; fileRef = 970F2C4B1564A74D00A787E5 /* FeedViewController.xib */; };
		973310A0156642B8008108A9 /* my_recipe.png in Resources */ = {isa = PBXBuildFile; fileRef = 9733109D156642B8008108A9 /* my_recipe.png */; };
		973310A1156642B8008108A9 /* todo.png in Resources */ = {isa = PBXBuildFile; fileRef = 9733109E156642B8008108A9 /* todo.png */; };
		9747F2DC1569DD94009DA030 /* feed.png in Resources */ = {isa = PBXBuildFile; fileRef = 9747F2DB1569DD94009DA030 /* feed.png */; };
		9747F2E31569E355009DA030 /* surf_gradient_textured_32.png in Resources */ = {isa = PBXBuildFile; fileRef = 9747F2E11569E355009DA030 /* surf_gradient_textured_32.png */; };
		9747F2E41569E355009DA030 /* surf_gradient_textured_44.png in Resources */ = {isa = PBXBuildFile; fileRef = 9747F2E21569E355009DA030 /* surf_gradient_textured_44.png */; };
		9747F2F51569E6A9009DA030 /* button_back_textured_24.png in Resources */ = {isa = PBXBuildFile; fileRef = 9747F2F01569E6A9009DA030 /* button_back_textured_24.png */; };
		9747F2F61569E6A9009DA030 /* button_back_textured_30.png in Resources */ = {isa = PBXBuildFile; fileRef = 9747F2F11569E6A9009DA030 /* button_back_textured_30.png */; };
		9747F2F71569E6A9009DA030 /* button_textured_24.png in Resources */ = {isa = PBXBuildFile; fileRef = 9747F2F21569E6A9009DA030 /* button_textured_24.png */; };
		9747F2F81569E6A9009DA030 /* button_textured_30.png in Resources */ = {isa = PBXBuildFile; fileRef = 9747F2F31569E6A9009DA030 /* button_textured_30.png */; };
		9747F2F91569E6A9009DA030 /* tab_bg.png in Resources */ = {isa = PBXBuildFile; fileRef = 9747F2F41569E6A9009DA030 /* tab_bg.png */; };
		9747F304156A27F9009DA030 /* MCSegmentedControl.m in Sources */ = {isa = PBXBuildFile; fileRef = 9747F303156A27F9009DA030 /* MCSegmentedControl.m */; settings = {COMPILER_FLAGS = "-fno-objc-arc"; }; };
		9747F30F156A3B6C009DA030 /* btn-black.png in Resources */ = {isa = PBXBuildFile; fileRef = 9747F30D156A3B6C009DA030 /* btn-black.png */; };
		9747F310156A3B6C009DA030 /* btn-red.png in Resources */ = {isa = PBXBuildFile; fileRef = 9747F30E156A3B6C009DA030 /* btn-red.png */; };
		9747F326156A54B2009DA030 /* CategoryListViewController.m in Sources */ = {isa = PBXBuildFile; fileRef = 9747F324156A54B1009DA030 /* CategoryListViewController.m */; };
		9747F327156A54B2009DA030 /* CategoryListViewController.xib in Resources */ = {isa = PBXBuildFile; fileRef = 9747F325156A54B1009DA030 /* CategoryListViewController.xib */; };
		978359071565FED900200699 /* home.png in Resources */ = {isa = PBXBuildFile; fileRef = 978359051565FED900200699 /* home.png */; };
		978359081565FED900200699 /* home@2x.png in Resources */ = {isa = PBXBuildFile; fileRef = 978359061565FED900200699 /* home@2x.png */; };
/* End PBXBuildFile section */

/* Begin PBXFileReference section */
		4929F51F155124A800D60AEF /* NSStringUtil.h */ = {isa = PBXFileReference; fileEncoding = 4; lastKnownFileType = sourcecode.c.h; path = NSStringUtil.h; sourceTree = "<group>"; };
		4929F520155124A900D60AEF /* NSStringUtil.m */ = {isa = PBXFileReference; fileEncoding = 4; lastKnownFileType = sourcecode.c.objc; path = NSStringUtil.m; sourceTree = "<group>"; };
		5A0AD4C91536C24E00D057A9 /* ASIForm2DataRequest.h */ = {isa = PBXFileReference; fileEncoding = 4; lastKnownFileType = sourcecode.c.h; path = ASIForm2DataRequest.h; sourceTree = "<group>"; };
		5A0AD4CA1536C24E00D057A9 /* ASIForm2DataRequest.m */ = {isa = PBXFileReference; fileEncoding = 4; lastKnownFileType = sourcecode.c.objc; path = ASIForm2DataRequest.m; sourceTree = "<group>"; };
		5A0AD4CC1536C62800D057A9 /* ASI2HTTPRequest.h */ = {isa = PBXFileReference; fileEncoding = 4; lastKnownFileType = sourcecode.c.h; path = ASI2HTTPRequest.h; sourceTree = "<group>"; };
		5A0AD4CD1536C62800D057A9 /* ASI2HTTPRequest.m */ = {isa = PBXFileReference; fileEncoding = 4; lastKnownFileType = sourcecode.c.objc; path = ASI2HTTPRequest.m; sourceTree = "<group>"; };
		5A3828EC152C605800400A54 /* ResultViewController.h */ = {isa = PBXFileReference; fileEncoding = 4; lastKnownFileType = sourcecode.c.h; path = ResultViewController.h; sourceTree = "<group>"; };
		5A3828ED152C605900400A54 /* ResultViewController.m */ = {isa = PBXFileReference; fileEncoding = 4; lastKnownFileType = sourcecode.c.objc; path = ResultViewController.m; sourceTree = "<group>"; };
		5A3828EE152C605B00400A54 /* ResultViewController.xib */ = {isa = PBXFileReference; fileEncoding = 4; lastKnownFileType = file.xib; path = ResultViewController.xib; sourceTree = "<group>"; };
		5A3B818015367AE0007BD9ED /* MobileCoreServices.framework */ = {isa = PBXFileReference; lastKnownFileType = wrapper.framework; name = MobileCoreServices.framework; path = System/Library/Frameworks/MobileCoreServices.framework; sourceTree = SDKROOT; };
		5A3B818215367AF5007BD9ED /* SystemConfiguration.framework */ = {isa = PBXFileReference; lastKnownFileType = wrapper.framework; name = SystemConfiguration.framework; path = System/Library/Frameworks/SystemConfiguration.framework; sourceTree = SDKROOT; };
		5A3B818415367B04007BD9ED /* CFNetwork.framework */ = {isa = PBXFileReference; lastKnownFileType = wrapper.framework; name = CFNetwork.framework; path = System/Library/Frameworks/CFNetwork.framework; sourceTree = SDKROOT; };
		5A3B818615367B2A007BD9ED /* libz.1.2.5.dylib */ = {isa = PBXFileReference; lastKnownFileType = "compiled.mach-o.dylib"; name = libz.1.2.5.dylib; path = usr/lib/libz.1.2.5.dylib; sourceTree = SDKROOT; };
		5A995EB815259E0F00B8292E /* HttpRequest.m */ = {isa = PBXFileReference; lastKnownFileType = sourcecode.c.objc; path = HttpRequest.m; sourceTree = "<group>"; };
		5A995EB915259E0F00B8292E /* HttpRequest.h */ = {isa = PBXFileReference; lastKnownFileType = sourcecode.c.h; path = HttpRequest.h; sourceTree = "<group>"; };
		5A995EC41525A4C100B8292E /* AsyncImageView.m */ = {isa = PBXFileReference; lastKnownFileType = sourcecode.c.objc; path = AsyncImageView.m; sourceTree = "<group>"; };
		5A995EC51525A4C100B8292E /* AsyncImageView.h */ = {isa = PBXFileReference; lastKnownFileType = sourcecode.c.h; path = AsyncImageView.h; sourceTree = "<group>"; };
		5AC54A1A152D86CF00C87E3E /* IngredientListViewController.h */ = {isa = PBXFileReference; fileEncoding = 4; lastKnownFileType = sourcecode.c.h; path = IngredientListViewController.h; sourceTree = "<group>"; };
		5AC54A1B152D86D000C87E3E /* IngredientListViewController.m */ = {isa = PBXFileReference; fileEncoding = 4; lastKnownFileType = sourcecode.c.objc; path = IngredientListViewController.m; sourceTree = "<group>"; };
		5AC54A1C152D86D000C87E3E /* IngredientListViewController.xib */ = {isa = PBXFileReference; fileEncoding = 4; lastKnownFileType = file.xib; path = IngredientListViewController.xib; sourceTree = "<group>"; };
		5AC54A20152D86F100C87E3E /* StepListViewController.h */ = {isa = PBXFileReference; fileEncoding = 4; lastKnownFileType = sourcecode.c.h; path = StepListViewController.h; sourceTree = "<group>"; };
		5AC54A21152D86F100C87E3E /* StepListViewController.m */ = {isa = PBXFileReference; fileEncoding = 4; lastKnownFileType = sourcecode.c.objc; path = StepListViewController.m; sourceTree = "<group>"; };
		5AC54A22152D86F100C87E3E /* StepListViewController.xib */ = {isa = PBXFileReference; fileEncoding = 4; lastKnownFileType = file.xib; path = StepListViewController.xib; sourceTree = "<group>"; };
		5AC54A25152D8AE100C87E3E /* MapViewController.h */ = {isa = PBXFileReference; fileEncoding = 4; lastKnownFileType = sourcecode.c.h; path = MapViewController.h; sourceTree = "<group>"; };
		5AC54A26152D8AE200C87E3E /* MapViewController.m */ = {isa = PBXFileReference; fileEncoding = 4; lastKnownFileType = sourcecode.c.objc; path = MapViewController.m; sourceTree = "<group>"; };
		5AC54A27152D8AE200C87E3E /* MapViewController.xib */ = {isa = PBXFileReference; fileEncoding = 4; lastKnownFileType = file.xib; path = MapViewController.xib; sourceTree = "<group>"; };
		5ACB0911154A4EE600C0FFCB /* user.xml */ = {isa = PBXFileReference; fileEncoding = 4; lastKnownFileType = text.xml; path = user.xml; sourceTree = "<group>"; };
		5AD404E9152E80C30045E74A /* CategoryXMLHandler.h */ = {isa = PBXFileReference; fileEncoding = 4; lastKnownFileType = sourcecode.c.h; path = CategoryXMLHandler.h; sourceTree = "<group>"; };
		5AD404EA152E80C30045E74A /* CategoryXMLHandler.m */ = {isa = PBXFileReference; fileEncoding = 4; lastKnownFileType = sourcecode.c.objc; path = CategoryXMLHandler.m; sourceTree = "<group>"; };
		5AD404EC152E81310045E74A /* RecipeXMLHandler.h */ = {isa = PBXFileReference; fileEncoding = 4; lastKnownFileType = sourcecode.c.h; path = RecipeXMLHandler.h; sourceTree = "<group>"; };
		5AD404ED152E81310045E74A /* RecipeXMLHandler.m */ = {isa = PBXFileReference; fileEncoding = 4; lastKnownFileType = sourcecode.c.objc; path = RecipeXMLHandler.m; sourceTree = "<group>"; };
		5AD404EF152E81890045E74A /* IngredientXMLHandler.h */ = {isa = PBXFileReference; fileEncoding = 4; lastKnownFileType = sourcecode.c.h; path = IngredientXMLHandler.h; sourceTree = "<group>"; };
		5AD404F0152E81890045E74A /* IngredientXMLHandler.m */ = {isa = PBXFileReference; fileEncoding = 4; lastKnownFileType = sourcecode.c.objc; path = IngredientXMLHandler.m; sourceTree = "<group>"; };
		5AD404F2152E819E0045E74A /* StepXMLHandler.h */ = {isa = PBXFileReference; fileEncoding = 4; lastKnownFileType = sourcecode.c.h; path = StepXMLHandler.h; sourceTree = "<group>"; };
		5AD404F3152E819E0045E74A /* StepXMLHandler.m */ = {isa = PBXFileReference; fileEncoding = 4; lastKnownFileType = sourcecode.c.objc; path = StepXMLHandler.m; sourceTree = "<group>"; };
		5AD404F5152E81B60045E74A /* StoreXMLHandler.h */ = {isa = PBXFileReference; fileEncoding = 4; lastKnownFileType = sourcecode.c.h; path = StoreXMLHandler.h; sourceTree = "<group>"; };
		5AD404F6152E81B60045E74A /* StoreXMLHandler.m */ = {isa = PBXFileReference; fileEncoding = 4; lastKnownFileType = sourcecode.c.objc; path = StoreXMLHandler.m; sourceTree = "<group>"; };
		5AD404F8152E82900045E74A /* UserXMLHandler.h */ = {isa = PBXFileReference; fileEncoding = 4; lastKnownFileType = sourcecode.c.h; path = UserXMLHandler.h; sourceTree = "<group>"; };
		5AD404F9152E82900045E74A /* UserXMLHandler.m */ = {isa = PBXFileReference; fileEncoding = 4; lastKnownFileType = sourcecode.c.objc; path = UserXMLHandler.m; sourceTree = "<group>"; };
		5AD404FB152EC5B50045E74A /* xml.xml */ = {isa = PBXFileReference; fileEncoding = 4; lastKnownFileType = text.xml; path = xml.xml; sourceTree = "<group>"; };
		5AD40506152EF4340045E74A /* BaseXMLHandler.h */ = {isa = PBXFileReference; fileEncoding = 4; lastKnownFileType = sourcecode.c.h; path = BaseXMLHandler.h; sourceTree = "<group>"; };
		5AD40507152EF4340045E74A /* BaseXMLHandler.m */ = {isa = PBXFileReference; fileEncoding = 4; lastKnownFileType = sourcecode.c.objc; path = BaseXMLHandler.m; sourceTree = "<group>"; };
		5AD40515152F08530045E74A /* beef.jpg */ = {isa = PBXFileReference; lastKnownFileType = image.jpeg; path = beef.jpg; sourceTree = "<group>"; };
		5ADF1382152A9182008B521A /* RecipeListViewController.h */ = {isa = PBXFileReference; fileEncoding = 4; lastKnownFileType = sourcecode.c.h; path = RecipeListViewController.h; sourceTree = "<group>"; };
		5ADF1383152A9182008B521A /* RecipeListViewController.m */ = {isa = PBXFileReference; fileEncoding = 4; lastKnownFileType = sourcecode.c.objc; path = RecipeListViewController.m; sourceTree = "<group>"; };
		5ADF1384152A9182008B521A /* RecipeListViewController.xib */ = {isa = PBXFileReference; fileEncoding = 4; lastKnownFileType = file.xib; path = RecipeListViewController.xib; sourceTree = "<group>"; };
		5AEA8BEE153686250097C796 /* ApplicationService.h */ = {isa = PBXFileReference; fileEncoding = 4; lastKnownFileType = sourcecode.c.h; path = ApplicationService.h; sourceTree = "<group>"; };
		5AEA8BEF153686250097C796 /* ApplicationService.m */ = {isa = PBXFileReference; fileEncoding = 4; lastKnownFileType = sourcecode.c.objc; path = ApplicationService.m; sourceTree = "<group>"; };
		5AEA8C10153688C50097C796 /* MBProgressHUD.h */ = {isa = PBXFileReference; fileEncoding = 4; lastKnownFileType = sourcecode.c.h; path = MBProgressHUD.h; sourceTree = "<group>"; };
		5AEA8C11153688C50097C796 /* MBProgressHUD.m */ = {isa = PBXFileReference; fileEncoding = 4; lastKnownFileType = sourcecode.c.objc; path = MBProgressHUD.m; sourceTree = "<group>"; };
		5AEA8C1315368D900097C796 /* ASIAuthenticationDialog.h */ = {isa = PBXFileReference; fileEncoding = 4; lastKnownFileType = sourcecode.c.h; path = ASIAuthenticationDialog.h; sourceTree = "<group>"; };
		5AEA8C1415368D900097C796 /* ASIAuthenticationDialog.m */ = {isa = PBXFileReference; fileEncoding = 4; lastKnownFileType = sourcecode.c.objc; path = ASIAuthenticationDialog.m; sourceTree = "<group>"; };
		5AEA8C1515368D900097C796 /* ASICacheDelegate.h */ = {isa = PBXFileReference; fileEncoding = 4; lastKnownFileType = sourcecode.c.h; path = ASICacheDelegate.h; sourceTree = "<group>"; };
		5AEA8C1615368D900097C796 /* ASIDataCompressor.h */ = {isa = PBXFileReference; fileEncoding = 4; lastKnownFileType = sourcecode.c.h; path = ASIDataCompressor.h; sourceTree = "<group>"; };
		5AEA8C1715368D900097C796 /* ASIDataCompressor.m */ = {isa = PBXFileReference; fileEncoding = 4; lastKnownFileType = sourcecode.c.objc; path = ASIDataCompressor.m; sourceTree = "<group>"; };
		5AEA8C1815368D900097C796 /* ASIDataDecompressor.h */ = {isa = PBXFileReference; fileEncoding = 4; lastKnownFileType = sourcecode.c.h; path = ASIDataDecompressor.h; sourceTree = "<group>"; };
		5AEA8C1915368D900097C796 /* ASIDataDecompressor.m */ = {isa = PBXFileReference; fileEncoding = 4; lastKnownFileType = sourcecode.c.objc; path = ASIDataDecompressor.m; sourceTree = "<group>"; };
		5AEA8C1A15368D900097C796 /* ASIDownloadCache.h */ = {isa = PBXFileReference; fileEncoding = 4; lastKnownFileType = sourcecode.c.h; path = ASIDownloadCache.h; sourceTree = "<group>"; };
		5AEA8C1B15368D900097C796 /* ASIDownloadCache.m */ = {isa = PBXFileReference; fileEncoding = 4; lastKnownFileType = sourcecode.c.objc; path = ASIDownloadCache.m; sourceTree = "<group>"; };
		5AEA8C1C15368D900097C796 /* ASIFormDataRequest.h */ = {isa = PBXFileReference; fileEncoding = 4; lastKnownFileType = sourcecode.c.h; path = ASIFormDataRequest.h; sourceTree = "<group>"; };
		5AEA8C1D15368D900097C796 /* ASIFormDataRequest.m */ = {isa = PBXFileReference; fileEncoding = 4; lastKnownFileType = sourcecode.c.objc; path = ASIFormDataRequest.m; sourceTree = "<group>"; };
		5AEA8C1E15368D900097C796 /* ASIHTTPRequest.h */ = {isa = PBXFileReference; fileEncoding = 4; lastKnownFileType = sourcecode.c.h; path = ASIHTTPRequest.h; sourceTree = "<group>"; };
		5AEA8C1F15368D900097C796 /* ASIHTTPRequest.m */ = {isa = PBXFileReference; fileEncoding = 4; lastKnownFileType = sourcecode.c.objc; path = ASIHTTPRequest.m; sourceTree = "<group>"; };
		5AEA8C2015368D900097C796 /* ASIHTTPRequestConfig.h */ = {isa = PBXFileReference; fileEncoding = 4; lastKnownFileType = sourcecode.c.h; path = ASIHTTPRequestConfig.h; sourceTree = "<group>"; };
		5AEA8C2115368D900097C796 /* ASIHTTPRequestDelegate.h */ = {isa = PBXFileReference; fileEncoding = 4; lastKnownFileType = sourcecode.c.h; path = ASIHTTPRequestDelegate.h; sourceTree = "<group>"; };
		5AEA8C2215368D900097C796 /* ASIInputStream.h */ = {isa = PBXFileReference; fileEncoding = 4; lastKnownFileType = sourcecode.c.h; path = ASIInputStream.h; sourceTree = "<group>"; };
		5AEA8C2315368D900097C796 /* ASIInputStream.m */ = {isa = PBXFileReference; fileEncoding = 4; lastKnownFileType = sourcecode.c.objc; path = ASIInputStream.m; sourceTree = "<group>"; };
		5AEA8C2415368D900097C796 /* ASINetworkQueue.h */ = {isa = PBXFileReference; fileEncoding = 4; lastKnownFileType = sourcecode.c.h; path = ASINetworkQueue.h; sourceTree = "<group>"; };
		5AEA8C2515368D900097C796 /* ASINetworkQueue.m */ = {isa = PBXFileReference; fileEncoding = 4; lastKnownFileType = sourcecode.c.objc; path = ASINetworkQueue.m; sourceTree = "<group>"; };
		5AEA8C2615368D900097C796 /* ASIProgressDelegate.h */ = {isa = PBXFileReference; fileEncoding = 4; lastKnownFileType = sourcecode.c.h; path = ASIProgressDelegate.h; sourceTree = "<group>"; };
		5AEA8C2F15368D9B0097C796 /* Reachability.h */ = {isa = PBXFileReference; fileEncoding = 4; lastKnownFileType = sourcecode.c.h; path = Reachability.h; sourceTree = "<group>"; };
		5AEA8C3015368D9B0097C796 /* Reachability.m */ = {isa = PBXFileReference; fileEncoding = 4; lastKnownFileType = sourcecode.c.objc; path = Reachability.m; sourceTree = "<group>"; };
		90296493152014AF002BAC2D /* recipe.app */ = {isa = PBXFileReference; explicitFileType = wrapper.application; includeInIndex = 0; path = recipe.app; sourceTree = BUILT_PRODUCTS_DIR; };
		90296497152014AF002BAC2D /* UIKit.framework */ = {isa = PBXFileReference; lastKnownFileType = wrapper.framework; name = UIKit.framework; path = System/Library/Frameworks/UIKit.framework; sourceTree = SDKROOT; };
		90296499152014AF002BAC2D /* Foundation.framework */ = {isa = PBXFileReference; lastKnownFileType = wrapper.framework; name = Foundation.framework; path = System/Library/Frameworks/Foundation.framework; sourceTree = SDKROOT; };
		9029649B152014AF002BAC2D /* CoreGraphics.framework */ = {isa = PBXFileReference; lastKnownFileType = wrapper.framework; name = CoreGraphics.framework; path = System/Library/Frameworks/CoreGraphics.framework; sourceTree = SDKROOT; };
		9029649F152014AF002BAC2D /* recipe-Info.plist */ = {isa = PBXFileReference; lastKnownFileType = text.plist.xml; path = "recipe-Info.plist"; sourceTree = "<group>"; };
		902964A1152014AF002BAC2D /* en */ = {isa = PBXFileReference; lastKnownFileType = text.plist.strings; name = en; path = en.lproj/InfoPlist.strings; sourceTree = "<group>"; };
		902964A3152014B0002BAC2D /* main.m */ = {isa = PBXFileReference; lastKnownFileType = sourcecode.c.objc; path = main.m; sourceTree = "<group>"; };
		902964A5152014B0002BAC2D /* recipe-Prefix.pch */ = {isa = PBXFileReference; lastKnownFileType = sourcecode.c.h; path = "recipe-Prefix.pch"; sourceTree = "<group>"; };
		902964A6152014B0002BAC2D /* recipeAppDelegate.h */ = {isa = PBXFileReference; lastKnownFileType = sourcecode.c.h; path = recipeAppDelegate.h; sourceTree = "<group>"; };
		902964A7152014B0002BAC2D /* recipeAppDelegate.m */ = {isa = PBXFileReference; lastKnownFileType = sourcecode.c.objc; path = recipeAppDelegate.m; sourceTree = "<group>"; };
		902964AA152014B0002BAC2D /* en */ = {isa = PBXFileReference; lastKnownFileType = file.xib; name = en; path = en.lproj/MainWindow.xib; sourceTree = "<group>"; };
		902964BD15201E24002BAC2D /* AuthViewController.h */ = {isa = PBXFileReference; fileEncoding = 4; lastKnownFileType = sourcecode.c.h; lineEnding = 0; path = AuthViewController.h; sourceTree = "<group>"; xcLanguageSpecificationIdentifier = xcode.lang.objcpp; };
		902964BE15201E24002BAC2D /* AuthViewController.m */ = {isa = PBXFileReference; fileEncoding = 4; lastKnownFileType = sourcecode.c.objc; lineEnding = 0; path = AuthViewController.m; sourceTree = "<group>"; xcLanguageSpecificationIdentifier = xcode.lang.objc; };
		902964BF15201E24002BAC2D /* AuthViewController.xib */ = {isa = PBXFileReference; fileEncoding = 4; lastKnownFileType = file.xib; path = AuthViewController.xib; sourceTree = "<group>"; };
		902964C2152039BF002BAC2D /* LoginViewController.h */ = {isa = PBXFileReference; fileEncoding = 4; lastKnownFileType = sourcecode.c.h; path = LoginViewController.h; sourceTree = "<group>"; };
		902964C3152039BF002BAC2D /* LoginViewController.m */ = {isa = PBXFileReference; fileEncoding = 4; lastKnownFileType = sourcecode.c.objc; path = LoginViewController.m; sourceTree = "<group>"; };
		902964C4152039BF002BAC2D /* LoginViewController.xib */ = {isa = PBXFileReference; fileEncoding = 4; lastKnownFileType = file.xib; path = LoginViewController.xib; sourceTree = "<group>"; };
		902964C7152039FF002BAC2D /* RegisterViewController.h */ = {isa = PBXFileReference; fileEncoding = 4; lastKnownFileType = sourcecode.c.h; path = RegisterViewController.h; sourceTree = "<group>"; };
		902964C8152039FF002BAC2D /* RegisterViewController.m */ = {isa = PBXFileReference; fileEncoding = 4; lastKnownFileType = sourcecode.c.objc; path = RegisterViewController.m; sourceTree = "<group>"; };
		902964C9152039FF002BAC2D /* RegisterViewController.xib */ = {isa = PBXFileReference; fileEncoding = 4; lastKnownFileType = file.xib; path = RegisterViewController.xib; sourceTree = "<group>"; };
		90829C261522C22B00E6BFC9 /* CoreLocation.framework */ = {isa = PBXFileReference; lastKnownFileType = wrapper.framework; name = CoreLocation.framework; path = System/Library/Frameworks/CoreLocation.framework; sourceTree = SDKROOT; };
		908409AC1521666300FA078B /* HomeViewController.h */ = {isa = PBXFileReference; fileEncoding = 4; lastKnownFileType = sourcecode.c.h; lineEnding = 0; path = HomeViewController.h; sourceTree = "<group>"; xcLanguageSpecificationIdentifier = xcode.lang.objcpp; };
		908409AD1521666300FA078B /* HomeViewController.m */ = {isa = PBXFileReference; fileEncoding = 4; lastKnownFileType = sourcecode.c.objc; lineEnding = 0; path = HomeViewController.m; sourceTree = "<group>"; xcLanguageSpecificationIdentifier = xcode.lang.objc; };
		908409AE1521666300FA078B /* HomeViewController.xib */ = {isa = PBXFileReference; fileEncoding = 4; lastKnownFileType = file.xib; path = HomeViewController.xib; sourceTree = "<group>"; };
		908409B21521668400FA078B /* MyRecipeViewController.h */ = {isa = PBXFileReference; fileEncoding = 4; lastKnownFileType = sourcecode.c.h; path = MyRecipeViewController.h; sourceTree = "<group>"; };
		908409B31521668400FA078B /* MyRecipeViewController.m */ = {isa = PBXFileReference; fileEncoding = 4; lastKnownFileType = sourcecode.c.objc; path = MyRecipeViewController.m; sourceTree = "<group>"; };
		908409B41521668400FA078B /* MyRecipeViewController.xib */ = {isa = PBXFileReference; fileEncoding = 4; lastKnownFileType = file.xib; path = MyRecipeViewController.xib; sourceTree = "<group>"; };
		908409B7152166C100FA078B /* ToDoViewController.h */ = {isa = PBXFileReference; fileEncoding = 4; lastKnownFileType = sourcecode.c.h; path = ToDoViewController.h; sourceTree = "<group>"; };
		908409B8152166C100FA078B /* ToDoViewController.m */ = {isa = PBXFileReference; fileEncoding = 4; lastKnownFileType = sourcecode.c.objc; path = ToDoViewController.m; sourceTree = "<group>"; };
		908409B9152166C100FA078B /* ToDoViewController.xib */ = {isa = PBXFileReference; fileEncoding = 4; lastKnownFileType = file.xib; path = ToDoViewController.xib; sourceTree = "<group>"; };
		908409CB1521C2E800FA078B /* Category.h */ = {isa = PBXFileReference; fileEncoding = 4; lastKnownFileType = sourcecode.c.h; lineEnding = 0; path = Category.h; sourceTree = "<group>"; xcLanguageSpecificationIdentifier = xcode.lang.objcpp; };
		908409CC1521C2E800FA078B /* Category.m */ = {isa = PBXFileReference; fileEncoding = 4; lastKnownFileType = sourcecode.c.objc; lineEnding = 0; path = Category.m; sourceTree = "<group>"; xcLanguageSpecificationIdentifier = xcode.lang.objc; };
		908409CE1521C32900FA078B /* Recipe.h */ = {isa = PBXFileReference; fileEncoding = 4; lastKnownFileType = sourcecode.c.h; path = Recipe.h; sourceTree = "<group>"; };
		908409CF1521C32900FA078B /* Recipe.m */ = {isa = PBXFileReference; fileEncoding = 4; lastKnownFileType = sourcecode.c.objc; path = Recipe.m; sourceTree = "<group>"; };
		908409D11521C38D00FA078B /* Ingredient.h */ = {isa = PBXFileReference; fileEncoding = 4; lastKnownFileType = sourcecode.c.h; path = Ingredient.h; sourceTree = "<group>"; };
		908409D21521C38D00FA078B /* Ingredient.m */ = {isa = PBXFileReference; fileEncoding = 4; lastKnownFileType = sourcecode.c.objc; path = Ingredient.m; sourceTree = "<group>"; };
		908409D41521C39700FA078B /* Store.h */ = {isa = PBXFileReference; fileEncoding = 4; lastKnownFileType = sourcecode.c.h; path = Store.h; sourceTree = "<group>"; };
		908409D51521C39700FA078B /* Store.m */ = {isa = PBXFileReference; fileEncoding = 4; lastKnownFileType = sourcecode.c.objc; path = Store.m; sourceTree = "<group>"; };
		908409D71521C3B900FA078B /* Step.h */ = {isa = PBXFileReference; fileEncoding = 4; lastKnownFileType = sourcecode.c.h; path = Step.h; sourceTree = "<group>"; };
		908409D81521C3B900FA078B /* Step.m */ = {isa = PBXFileReference; fileEncoding = 4; lastKnownFileType = sourcecode.c.objc; path = Step.m; sourceTree = "<group>"; };
		908409DA1521C3E700FA078B /* User.h */ = {isa = PBXFileReference; fileEncoding = 4; lastKnownFileType = sourcecode.c.h; path = User.h; sourceTree = "<group>"; };
		908409DB1521C3E700FA078B /* User.m */ = {isa = PBXFileReference; fileEncoding = 4; lastKnownFileType = sourcecode.c.objc; path = User.m; sourceTree = "<group>"; };
		908409DE1521C60200FA078B /* recipeGlobal.h */ = {isa = PBXFileReference; fileEncoding = 4; lastKnownFileType = sourcecode.c.h; path = recipeGlobal.h; sourceTree = "<group>"; };
		9084A2EE1522F1FB00BDEDC4 /* CategoryCell.h */ = {isa = PBXFileReference; fileEncoding = 4; lastKnownFileType = sourcecode.c.h; lineEnding = 0; path = CategoryCell.h; sourceTree = "<group>"; xcLanguageSpecificationIdentifier = xcode.lang.objcpp; };
		9084A2EF1522F1FB00BDEDC4 /* CategoryCell.m */ = {isa = PBXFileReference; fileEncoding = 4; lastKnownFileType = sourcecode.c.objc; lineEnding = 0; path = CategoryCell.m; sourceTree = "<group>"; xcLanguageSpecificationIdentifier = xcode.lang.objc; };
		9084A2F11522F83F00BDEDC4 /* kira.png */ = {isa = PBXFileReference; lastKnownFileType = image.png; path = kira.png; sourceTree = "<group>"; };
		9084A2F31523281E00BDEDC4 /* RecipeViewController.h */ = {isa = PBXFileReference; fileEncoding = 4; lastKnownFileType = sourcecode.c.h; path = RecipeViewController.h; sourceTree = "<group>"; };
		9084A2F41523281F00BDEDC4 /* RecipeViewController.m */ = {isa = PBXFileReference; fileEncoding = 4; lastKnownFileType = sourcecode.c.objc; path = RecipeViewController.m; sourceTree = "<group>"; };
		9084A2F51523281F00BDEDC4 /* RecipeViewController.xib */ = {isa = PBXFileReference; fileEncoding = 4; lastKnownFileType = file.xib; path = RecipeViewController.xib; sourceTree = "<group>"; };
		9084A2F8152328E600BDEDC4 /* IngredientViewController.h */ = {isa = PBXFileReference; fileEncoding = 4; lastKnownFileType = sourcecode.c.h; path = IngredientViewController.h; sourceTree = "<group>"; };
		9084A2F9152328E600BDEDC4 /* IngredientViewController.m */ = {isa = PBXFileReference; fileEncoding = 4; lastKnownFileType = sourcecode.c.objc; path = IngredientViewController.m; sourceTree = "<group>"; };
		9084A2FA152328E600BDEDC4 /* IngredientViewController.xib */ = {isa = PBXFileReference; fileEncoding = 4; lastKnownFileType = file.xib; path = IngredientViewController.xib; sourceTree = "<group>"; };
		9084A2FD1523293D00BDEDC4 /* StepViewController.h */ = {isa = PBXFileReference; fileEncoding = 4; lastKnownFileType = sourcecode.c.h; path = StepViewController.h; sourceTree = "<group>"; };
		9084A2FE1523293D00BDEDC4 /* StepViewController.m */ = {isa = PBXFileReference; fileEncoding = 4; lastKnownFileType = sourcecode.c.objc; path = StepViewController.m; sourceTree = "<group>"; };
		9084A2FF1523293D00BDEDC4 /* StepViewController.xib */ = {isa = PBXFileReference; fileEncoding = 4; lastKnownFileType = file.xib; path = StepViewController.xib; sourceTree = "<group>"; };
		970F2C491564A74D00A787E5 /* FeedViewController.h */ = {isa = PBXFileReference; fileEncoding = 4; lastKnownFileType = sourcecode.c.h; path = FeedViewController.h; sourceTree = "<group>"; };
		970F2C4A1564A74D00A787E5 /* FeedViewController.m */ = {isa = PBXFileReference; fileEncoding = 4; lastKnownFileType = sourcecode.c.objc; path = FeedViewController.m; sourceTree = "<group>"; };
		970F2C4B1564A74D00A787E5 /* FeedViewController.xib */ = {isa = PBXFileReference; fileEncoding = 4; lastKnownFileType = file.xib; path = FeedViewController.xib; sourceTree = "<group>"; };
		9733109D156642B8008108A9 /* my_recipe.png */ = {isa = PBXFileReference; lastKnownFileType = image.png; path = my_recipe.png; sourceTree = "<group>"; };
		9733109E156642B8008108A9 /* todo.png */ = {isa = PBXFileReference; lastKnownFileType = image.png; path = todo.png; sourceTree = "<group>"; };
		9747F2DB1569DD94009DA030 /* feed.png */ = {isa = PBXFileReference; lastKnownFileType = image.png; path = feed.png; sourceTree = "<group>"; };
		9747F2E11569E355009DA030 /* surf_gradient_textured_32.png */ = {isa = PBXFileReference; lastKnownFileType = image.png; path = surf_gradient_textured_32.png; sourceTree = "<group>"; };
		9747F2E21569E355009DA030 /* surf_gradient_textured_44.png */ = {isa = PBXFileReference; lastKnownFileType = image.png; path = surf_gradient_textured_44.png; sourceTree = "<group>"; };
		9747F2F01569E6A9009DA030 /* button_back_textured_24.png */ = {isa = PBXFileReference; lastKnownFileType = image.png; path = button_back_textured_24.png; sourceTree = "<group>"; };
		9747F2F11569E6A9009DA030 /* button_back_textured_30.png */ = {isa = PBXFileReference; lastKnownFileType = image.png; path = button_back_textured_30.png; sourceTree = "<group>"; };
		9747F2F21569E6A9009DA030 /* button_textured_24.png */ = {isa = PBXFileReference; lastKnownFileType = image.png; path = button_textured_24.png; sourceTree = "<group>"; };
		9747F2F31569E6A9009DA030 /* button_textured_30.png */ = {isa = PBXFileReference; lastKnownFileType = image.png; path = button_textured_30.png; sourceTree = "<group>"; };
		9747F2F41569E6A9009DA030 /* tab_bg.png */ = {isa = PBXFileReference; lastKnownFileType = image.png; path = tab_bg.png; sourceTree = "<group>"; };
		9747F302156A27F9009DA030 /* MCSegmentedControl.h */ = {isa = PBXFileReference; fileEncoding = 4; lastKnownFileType = sourcecode.c.h; path = MCSegmentedControl.h; sourceTree = "<group>"; };
		9747F303156A27F9009DA030 /* MCSegmentedControl.m */ = {isa = PBXFileReference; fileEncoding = 4; lastKnownFileType = sourcecode.c.objc; path = MCSegmentedControl.m; sourceTree = "<group>"; };
		9747F30D156A3B6C009DA030 /* btn-black.png */ = {isa = PBXFileReference; lastKnownFileType = image.png; path = "btn-black.png"; sourceTree = "<group>"; };
		9747F30E156A3B6C009DA030 /* btn-red.png */ = {isa = PBXFileReference; lastKnownFileType = image.png; path = "btn-red.png"; sourceTree = "<group>"; };
		9747F323156A54B0009DA030 /* CategoryListViewController.h */ = {isa = PBXFileReference; fileEncoding = 4; lastKnownFileType = sourcecode.c.h; path = CategoryListViewController.h; sourceTree = "<group>"; };
		9747F324156A54B1009DA030 /* CategoryListViewController.m */ = {isa = PBXFileReference; fileEncoding = 4; lastKnownFileType = sourcecode.c.objc; path = CategoryListViewController.m; sourceTree = "<group>"; };
		9747F325156A54B1009DA030 /* CategoryListViewController.xib */ = {isa = PBXFileReference; fileEncoding = 4; lastKnownFileType = file.xib; path = CategoryListViewController.xib; sourceTree = "<group>"; };
		978359051565FED900200699 /* home.png */ = {isa = PBXFileReference; lastKnownFileType = image.png; path = home.png; sourceTree = "<group>"; };
		978359061565FED900200699 /* home@2x.png */ = {isa = PBXFileReference; lastKnownFileType = image.png; path = "home@2x.png"; sourceTree = "<group>"; };
/* End PBXFileReference section */

/* Begin PBXFrameworksBuildPhase section */
		90296490152014AF002BAC2D /* Frameworks */ = {
			isa = PBXFrameworksBuildPhase;
			buildActionMask = 2147483647;
			files = (
				5A3B818715367B2A007BD9ED /* libz.1.2.5.dylib in Frameworks */,
				5A3B818515367B04007BD9ED /* CFNetwork.framework in Frameworks */,
				5A3B818315367AF5007BD9ED /* SystemConfiguration.framework in Frameworks */,
				5A3B818115367AE0007BD9ED /* MobileCoreServices.framework in Frameworks */,
				90296498152014AF002BAC2D /* UIKit.framework in Frameworks */,
				9029649A152014AF002BAC2D /* Foundation.framework in Frameworks */,
				90829C271522C22C00E6BFC9 /* CoreLocation.framework in Frameworks */,
				9029649C152014AF002BAC2D /* CoreGraphics.framework in Frameworks */,
			);
			runOnlyForDeploymentPostprocessing = 0;
		};
/* End PBXFrameworksBuildPhase section */

/* Begin PBXGroup section */
		5A0AD4C71536C1BB00D057A9 /* CustomASIHTTPRequest */ = {
			isa = PBXGroup;
			children = (
				5A0AD4CC1536C62800D057A9 /* ASI2HTTPRequest.h */,
				5A0AD4CD1536C62800D057A9 /* ASI2HTTPRequest.m */,
				5A0AD4C91536C24E00D057A9 /* ASIForm2DataRequest.h */,
				5A0AD4CA1536C24E00D057A9 /* ASIForm2DataRequest.m */,
			);
			name = CustomASIHTTPRequest;
			sourceTree = "<group>";
		};
		5A0AD4CF1536E3D700D057A9 /* HUD */ = {
			isa = PBXGroup;
			children = (
				5AEA8C10153688C50097C796 /* MBProgressHUD.h */,
				5AEA8C11153688C50097C796 /* MBProgressHUD.m */,
			);
			name = HUD;
			sourceTree = "<group>";
		};
		5A0AD4D01536E3F000D057A9 /* Parser */ = {
			isa = PBXGroup;
			children = (
				5AD40506152EF4340045E74A /* BaseXMLHandler.h */,
				5AD40507152EF4340045E74A /* BaseXMLHandler.m */,
				5AD404E9152E80C30045E74A /* CategoryXMLHandler.h */,
				5AD404EA152E80C30045E74A /* CategoryXMLHandler.m */,
				5AD404EC152E81310045E74A /* RecipeXMLHandler.h */,
				5AD404ED152E81310045E74A /* RecipeXMLHandler.m */,
				5AD404EF152E81890045E74A /* IngredientXMLHandler.h */,
				5AD404F0152E81890045E74A /* IngredientXMLHandler.m */,
				5AD404F2152E819E0045E74A /* StepXMLHandler.h */,
				5AD404F3152E819E0045E74A /* StepXMLHandler.m */,
				5AD404F5152E81B60045E74A /* StoreXMLHandler.h */,
				5AD404F6152E81B60045E74A /* StoreXMLHandler.m */,
				5AD404F8152E82900045E74A /* UserXMLHandler.h */,
				5AD404F9152E82900045E74A /* UserXMLHandler.m */,
			);
			name = Parser;
			sourceTree = "<group>";
		};
		5A3B81651536771C007BD9ED /* ASIHTTPRequest */ = {
			isa = PBXGroup;
			children = (
				5AEA8C2F15368D9B0097C796 /* Reachability.h */,
				5AEA8C3015368D9B0097C796 /* Reachability.m */,
				5AEA8C1315368D900097C796 /* ASIAuthenticationDialog.h */,
				5AEA8C1415368D900097C796 /* ASIAuthenticationDialog.m */,
				5AEA8C1515368D900097C796 /* ASICacheDelegate.h */,
				5AEA8C1615368D900097C796 /* ASIDataCompressor.h */,
				5AEA8C1715368D900097C796 /* ASIDataCompressor.m */,
				5AEA8C1815368D900097C796 /* ASIDataDecompressor.h */,
				5AEA8C1915368D900097C796 /* ASIDataDecompressor.m */,
				5AEA8C1A15368D900097C796 /* ASIDownloadCache.h */,
				5AEA8C1B15368D900097C796 /* ASIDownloadCache.m */,
				5AEA8C1C15368D900097C796 /* ASIFormDataRequest.h */,
				5AEA8C1D15368D900097C796 /* ASIFormDataRequest.m */,
				5AEA8C1E15368D900097C796 /* ASIHTTPRequest.h */,
				5AEA8C1F15368D900097C796 /* ASIHTTPRequest.m */,
				5AEA8C2015368D900097C796 /* ASIHTTPRequestConfig.h */,
				5AEA8C2115368D900097C796 /* ASIHTTPRequestDelegate.h */,
				5AEA8C2215368D900097C796 /* ASIInputStream.h */,
				5AEA8C2315368D900097C796 /* ASIInputStream.m */,
				5AEA8C2415368D900097C796 /* ASINetworkQueue.h */,
				5AEA8C2515368D900097C796 /* ASINetworkQueue.m */,
				5AEA8C2615368D900097C796 /* ASIProgressDelegate.h */,
			);
			name = ASIHTTPRequest;
			sourceTree = "<group>";
		};
		90296488152014AF002BAC2D = {
			isa = PBXGroup;
			children = (
				9029649D152014AF002BAC2D /* recipe */,
				90296496152014AF002BAC2D /* Frameworks */,
				90296494152014AF002BAC2D /* Products */,
			);
			sourceTree = "<group>";
		};
		90296494152014AF002BAC2D /* Products */ = {
			isa = PBXGroup;
			children = (
				90296493152014AF002BAC2D /* recipe.app */,
			);
			name = Products;
			sourceTree = "<group>";
		};
		90296496152014AF002BAC2D /* Frameworks */ = {
			isa = PBXGroup;
			children = (
				5A3B818615367B2A007BD9ED /* libz.1.2.5.dylib */,
				5A3B818415367B04007BD9ED /* CFNetwork.framework */,
				5A3B818215367AF5007BD9ED /* SystemConfiguration.framework */,
				5A3B818015367AE0007BD9ED /* MobileCoreServices.framework */,
				90829C261522C22B00E6BFC9 /* CoreLocation.framework */,
				90296497152014AF002BAC2D /* UIKit.framework */,
				90296499152014AF002BAC2D /* Foundation.framework */,
				9029649B152014AF002BAC2D /* CoreGraphics.framework */,
			);
			name = Frameworks;
			sourceTree = "<group>";
		};
		9029649D152014AF002BAC2D /* recipe */ = {
			isa = PBXGroup;
			children = (
				908409C51521BFAF00FA078B /* model */,
				902964A6152014B0002BAC2D /* recipeAppDelegate.h */,
				902964A7152014B0002BAC2D /* recipeAppDelegate.m */,
				902964A9152014B0002BAC2D /* MainWindow.xib */,
				908409DE1521C60200FA078B /* recipeGlobal.h */,
				908409DD1521C4C300FA078B /* service */,
				9084A2ED1522EFCA00BDEDC4 /* util */,
				90829C1C1522ABE700E6BFC9 /* controller + gui */,
				9084A2EB1522ECD900BDEDC4 /* custom control */,
				908409E31521C65B00FA078B /* resource */,
				9029649E152014AF002BAC2D /* Supporting Files */,
			);
			path = recipe;
			sourceTree = "<group>";
		};
		9029649E152014AF002BAC2D /* Supporting Files */ = {
			isa = PBXGroup;
			children = (
				9029649F152014AF002BAC2D /* recipe-Info.plist */,
				902964A0152014AF002BAC2D /* InfoPlist.strings */,
				902964A3152014B0002BAC2D /* main.m */,
				902964A5152014B0002BAC2D /* recipe-Prefix.pch */,
			);
			name = "Supporting Files";
			sourceTree = "<group>";
		};
		90829C1C1522ABE700E6BFC9 /* controller + gui */ = {
			isa = PBXGroup;
			children = (
				902964BD15201E24002BAC2D /* AuthViewController.h */,
				902964BE15201E24002BAC2D /* AuthViewController.m */,
				902964BF15201E24002BAC2D /* AuthViewController.xib */,
				902964C2152039BF002BAC2D /* LoginViewController.h */,
				902964C3152039BF002BAC2D /* LoginViewController.m */,
				902964C4152039BF002BAC2D /* LoginViewController.xib */,
				902964C7152039FF002BAC2D /* RegisterViewController.h */,
				902964C8152039FF002BAC2D /* RegisterViewController.m */,
				902964C9152039FF002BAC2D /* RegisterViewController.xib */,
				908409AC1521666300FA078B /* HomeViewController.h */,
				908409AD1521666300FA078B /* HomeViewController.m */,
				908409AE1521666300FA078B /* HomeViewController.xib */,
				5A3828EC152C605800400A54 /* ResultViewController.h */,
				5A3828ED152C605900400A54 /* ResultViewController.m */,
				5A3828EE152C605B00400A54 /* ResultViewController.xib */,
				908409B21521668400FA078B /* MyRecipeViewController.h */,
				908409B31521668400FA078B /* MyRecipeViewController.m */,
				908409B41521668400FA078B /* MyRecipeViewController.xib */,
				908409B7152166C100FA078B /* ToDoViewController.h */,
				908409B8152166C100FA078B /* ToDoViewController.m */,
				908409B9152166C100FA078B /* ToDoViewController.xib */,
				970F2C491564A74D00A787E5 /* FeedViewController.h */,
				970F2C4A1564A74D00A787E5 /* FeedViewController.m */,
				970F2C4B1564A74D00A787E5 /* FeedViewController.xib */,
				9747F323156A54B0009DA030 /* CategoryListViewController.h */,
				9747F324156A54B1009DA030 /* CategoryListViewController.m */,
				9747F325156A54B1009DA030 /* CategoryListViewController.xib */,
				5ADF1382152A9182008B521A /* RecipeListViewController.h */,
				5ADF1383152A9182008B521A /* RecipeListViewController.m */,
				5ADF1384152A9182008B521A /* RecipeListViewController.xib */,
				9084A2F31523281E00BDEDC4 /* RecipeViewController.h */,
				9084A2F41523281F00BDEDC4 /* RecipeViewController.m */,
				9084A2F51523281F00BDEDC4 /* RecipeViewController.xib */,
				5AC54A1A152D86CF00C87E3E /* IngredientListViewController.h */,
				5AC54A1B152D86D000C87E3E /* IngredientListViewController.m */,
				5AC54A1C152D86D000C87E3E /* IngredientListViewController.xib */,
				5AC54A20152D86F100C87E3E /* StepListViewController.h */,
				5AC54A21152D86F100C87E3E /* StepListViewController.m */,
				5AC54A22152D86F100C87E3E /* StepListViewController.xib */,
				9084A2F8152328E600BDEDC4 /* IngredientViewController.h */,
				9084A2F9152328E600BDEDC4 /* IngredientViewController.m */,
				9084A2FA152328E600BDEDC4 /* IngredientViewController.xib */,
				9084A2FD1523293D00BDEDC4 /* StepViewController.h */,
				9084A2FE1523293D00BDEDC4 /* StepViewController.m */,
				9084A2FF1523293D00BDEDC4 /* StepViewController.xib */,
				5AC54A25152D8AE100C87E3E /* MapViewController.h */,
				5AC54A26152D8AE200C87E3E /* MapViewController.m */,
				5AC54A27152D8AE200C87E3E /* MapViewController.xib */,
			);
			name = "controller + gui";
			sourceTree = "<group>";
		};
		908409C51521BFAF00FA078B /* model */ = {
			isa = PBXGroup;
			children = (
				908409CB1521C2E800FA078B /* Category.h */,
				908409CC1521C2E800FA078B /* Category.m */,
				908409CE1521C32900FA078B /* Recipe.h */,
				908409CF1521C32900FA078B /* Recipe.m */,
				908409D11521C38D00FA078B /* Ingredient.h */,
				908409D21521C38D00FA078B /* Ingredient.m */,
				908409D71521C3B900FA078B /* Step.h */,
				908409D81521C3B900FA078B /* Step.m */,
				908409D41521C39700FA078B /* Store.h */,
				908409D51521C39700FA078B /* Store.m */,
				908409DA1521C3E700FA078B /* User.h */,
				908409DB1521C3E700FA078B /* User.m */,
			);
			name = model;
			sourceTree = "<group>";
		};
		908409DD1521C4C300FA078B /* service */ = {
			isa = PBXGroup;
			children = (
				5AEA8BEE153686250097C796 /* ApplicationService.h */,
				5AEA8BEF153686250097C796 /* ApplicationService.m */,
			);
			name = service;
			sourceTree = "<group>";
		};
		908409E31521C65B00FA078B /* resource */ = {
			isa = PBXGroup;
			children = (
				5AD404FB152EC5B50045E74A /* xml.xml */,
				5ACB0911154A4EE600C0FFCB /* user.xml */,
				9747F30D156A3B6C009DA030 /* btn-black.png */,
				9747F30E156A3B6C009DA030 /* btn-red.png */,
				9747F2E11569E355009DA030 /* surf_gradient_textured_32.png */,
				9747F2E21569E355009DA030 /* surf_gradient_textured_44.png */,
				9733109D156642B8008108A9 /* my_recipe.png */,
				9733109E156642B8008108A9 /* todo.png */,
				9747F2F01569E6A9009DA030 /* button_back_textured_24.png */,
				9747F2F11569E6A9009DA030 /* button_back_textured_30.png */,
				9747F2F21569E6A9009DA030 /* button_textured_24.png */,
				9747F2F31569E6A9009DA030 /* button_textured_30.png */,
				9747F2F41569E6A9009DA030 /* tab_bg.png */,
				9747F2DB1569DD94009DA030 /* feed.png */,
				978359051565FED900200699 /* home.png */,
				978359061565FED900200699 /* home@2x.png */,
				5AD40515152F08530045E74A /* beef.jpg */,
				9084A2F11522F83F00BDEDC4 /* kira.png */,
			);
			name = resource;
			sourceTree = "<group>";
		};
		9084A2EB1522ECD900BDEDC4 /* custom control */ = {
			isa = PBXGroup;
			children = (
				9747F302156A27F9009DA030 /* MCSegmentedControl.h */,
				9747F303156A27F9009DA030 /* MCSegmentedControl.m */,
				9084A2EE1522F1FB00BDEDC4 /* CategoryCell.h */,
				9084A2EF1522F1FB00BDEDC4 /* CategoryCell.m */,
			);
			name = "custom control";
			sourceTree = "<group>";
		};
		9084A2ED1522EFCA00BDEDC4 /* util */ = {
			isa = PBXGroup;
			children = (
				4929F51F155124A800D60AEF /* NSStringUtil.h */,
				4929F520155124A900D60AEF /* NSStringUtil.m */,
				5A0AD4CF1536E3D700D057A9 /* HUD */,
				5A0AD4C71536C1BB00D057A9 /* CustomASIHTTPRequest */,
				5A3B81651536771C007BD9ED /* ASIHTTPRequest */,
				5A995EB915259E0F00B8292E /* HttpRequest.h */,
				5A995EB815259E0F00B8292E /* HttpRequest.m */,
				5A995EC51525A4C100B8292E /* AsyncImageView.h */,
				5A995EC41525A4C100B8292E /* AsyncImageView.m */,
				5A0AD4D01536E3F000D057A9 /* Parser */,
			);
			name = util;
			sourceTree = "<group>";
		};
/* End PBXGroup section */

/* Begin PBXNativeTarget section */
		90296492152014AF002BAC2D /* recipe */ = {
			isa = PBXNativeTarget;
			buildConfigurationList = 902964BA152014B0002BAC2D /* Build configuration list for PBXNativeTarget "recipe" */;
			buildPhases = (
				9029648F152014AF002BAC2D /* Sources */,
				90296490152014AF002BAC2D /* Frameworks */,
				90296491152014AF002BAC2D /* Resources */,
			);
			buildRules = (
			);
			dependencies = (
			);
			name = recipe;
			productName = recipe;
			productReference = 90296493152014AF002BAC2D /* recipe.app */;
			productType = "com.apple.product-type.application";
		};
/* End PBXNativeTarget section */

/* Begin PBXProject section */
		9029648A152014AF002BAC2D /* Project object */ = {
			isa = PBXProject;
			attributes = {
				LastUpgradeCheck = 0430;
				ORGANIZATIONNAME = OngSoft;
			};
			buildConfigurationList = 9029648D152014AF002BAC2D /* Build configuration list for PBXProject "recipe" */;
			compatibilityVersion = "Xcode 3.2";
			developmentRegion = English;
			hasScannedForEncodings = 0;
			knownRegions = (
				en,
			);
			mainGroup = 90296488152014AF002BAC2D;
			productRefGroup = 90296494152014AF002BAC2D /* Products */;
			projectDirPath = "";
			projectRoot = "";
			targets = (
				90296492152014AF002BAC2D /* recipe */,
			);
		};
/* End PBXProject section */

/* Begin PBXResourcesBuildPhase section */
		90296491152014AF002BAC2D /* Resources */ = {
			isa = PBXResourcesBuildPhase;
			buildActionMask = 2147483647;
			files = (
				902964A2152014AF002BAC2D /* InfoPlist.strings in Resources */,
				902964AB152014B0002BAC2D /* MainWindow.xib in Resources */,
				902964C115201E24002BAC2D /* AuthViewController.xib in Resources */,
				902964C6152039BF002BAC2D /* LoginViewController.xib in Resources */,
				902964CB152039FF002BAC2D /* RegisterViewController.xib in Resources */,
				908409B01521666300FA078B /* HomeViewController.xib in Resources */,
				908409B61521668400FA078B /* MyRecipeViewController.xib in Resources */,
				908409BB152166C100FA078B /* ToDoViewController.xib in Resources */,
				9084A2F21522F83F00BDEDC4 /* kira.png in Resources */,
				9084A2F71523282000BDEDC4 /* RecipeViewController.xib in Resources */,
				9084A2FC152328E700BDEDC4 /* IngredientViewController.xib in Resources */,
				9084A3011523293D00BDEDC4 /* StepViewController.xib in Resources */,
				5ADF1386152A9182008B521A /* RecipeListViewController.xib in Resources */,
				5A3828F0152C605D00400A54 /* ResultViewController.xib in Resources */,
				5AC54A1E152D86D000C87E3E /* IngredientListViewController.xib in Resources */,
				5AC54A24152D86F200C87E3E /* StepListViewController.xib in Resources */,
				5AC54A29152D8AE200C87E3E /* MapViewController.xib in Resources */,
				5AD404FC152EC5B50045E74A /* xml.xml in Resources */,
				5AD40516152F08530045E74A /* beef.jpg in Resources */,
				5ACB0912154A4EE600C0FFCB /* user.xml in Resources */,
				970F2C4D1564A74D00A787E5 /* FeedViewController.xib in Resources */,
				978359071565FED900200699 /* home.png in Resources */,
				978359081565FED900200699 /* home@2x.png in Resources */,
				973310A0156642B8008108A9 /* my_recipe.png in Resources */,
				973310A1156642B8008108A9 /* todo.png in Resources */,
				9747F2DC1569DD94009DA030 /* feed.png in Resources */,
				9747F2E31569E355009DA030 /* surf_gradient_textured_32.png in Resources */,
				9747F2E41569E355009DA030 /* surf_gradient_textured_44.png in Resources */,
				9747F2F51569E6A9009DA030 /* button_back_textured_24.png in Resources */,
				9747F2F61569E6A9009DA030 /* button_back_textured_30.png in Resources */,
				9747F2F71569E6A9009DA030 /* button_textured_24.png in Resources */,
				9747F2F81569E6A9009DA030 /* button_textured_30.png in Resources */,
				9747F2F91569E6A9009DA030 /* tab_bg.png in Resources */,
				9747F30F156A3B6C009DA030 /* btn-black.png in Resources */,
				9747F310156A3B6C009DA030 /* btn-red.png in Resources */,
				9747F327156A54B2009DA030 /* CategoryListViewController.xib in Resources */,
			);
			runOnlyForDeploymentPostprocessing = 0;
		};
/* End PBXResourcesBuildPhase section */

/* Begin PBXSourcesBuildPhase section */
		9029648F152014AF002BAC2D /* Sources */ = {
			isa = PBXSourcesBuildPhase;
			buildActionMask = 2147483647;
			files = (
				902964A4152014B0002BAC2D /* main.m in Sources */,
				902964A8152014B0002BAC2D /* recipeAppDelegate.m in Sources */,
				902964C015201E24002BAC2D /* AuthViewController.m in Sources */,
				902964C5152039BF002BAC2D /* LoginViewController.m in Sources */,
				902964CA152039FF002BAC2D /* RegisterViewController.m in Sources */,
				908409AF1521666300FA078B /* HomeViewController.m in Sources */,
				908409B51521668400FA078B /* MyRecipeViewController.m in Sources */,
				908409BA152166C100FA078B /* ToDoViewController.m in Sources */,
				908409CD1521C2E800FA078B /* Category.m in Sources */,
				908409D01521C32900FA078B /* Recipe.m in Sources */,
				908409D31521C38D00FA078B /* Ingredient.m in Sources */,
				908409D61521C39700FA078B /* Store.m in Sources */,
				908409D91521C3B900FA078B /* Step.m in Sources */,
				908409DC1521C3E800FA078B /* User.m in Sources */,
				9084A2F01522F1FB00BDEDC4 /* CategoryCell.m in Sources */,
				9084A2F61523282000BDEDC4 /* RecipeViewController.m in Sources */,
				9084A2FB152328E700BDEDC4 /* IngredientViewController.m in Sources */,
				9084A3001523293D00BDEDC4 /* StepViewController.m in Sources */,
				5ADF1385152A9182008B521A /* RecipeListViewController.m in Sources */,
				5A3828EF152C605D00400A54 /* ResultViewController.m in Sources */,
				5AC54A1D152D86D000C87E3E /* IngredientListViewController.m in Sources */,
				5AC54A23152D86F200C87E3E /* StepListViewController.m in Sources */,
				5AC54A28152D8AE200C87E3E /* MapViewController.m in Sources */,
				5AD404EB152E80C30045E74A /* CategoryXMLHandler.m in Sources */,
				5AD404EE152E81310045E74A /* RecipeXMLHandler.m in Sources */,
				5AD404F1152E81890045E74A /* IngredientXMLHandler.m in Sources */,
				5AD404F4152E819E0045E74A /* StepXMLHandler.m in Sources */,
				5AD404F7152E81B60045E74A /* StoreXMLHandler.m in Sources */,
				5AD404FA152E82900045E74A /* UserXMLHandler.m in Sources */,
				5AD40508152EF4340045E74A /* BaseXMLHandler.m in Sources */,
				5AEA8BF0153686250097C796 /* ApplicationService.m in Sources */,
				5AEA8C12153688C50097C796 /* MBProgressHUD.m in Sources */,
				5AEA8C2715368D900097C796 /* ASIAuthenticationDialog.m in Sources */,
				5AEA8C2815368D900097C796 /* ASIDataCompressor.m in Sources */,
				5AEA8C2915368D900097C796 /* ASIDataDecompressor.m in Sources */,
				5AEA8C2A15368D900097C796 /* ASIDownloadCache.m in Sources */,
				5AEA8C2B15368D900097C796 /* ASIFormDataRequest.m in Sources */,
				5AEA8C2C15368D900097C796 /* ASIHTTPRequest.m in Sources */,
				5AEA8C2D15368D900097C796 /* ASIInputStream.m in Sources */,
				5AEA8C2E15368D900097C796 /* ASINetworkQueue.m in Sources */,
				5AEA8C3115368D9B0097C796 /* Reachability.m in Sources */,
				5A0AD4CB1536C24E00D057A9 /* ASIForm2DataRequest.m in Sources */,
				5A0AD4CE1536C62800D057A9 /* ASI2HTTPRequest.m in Sources */,
				4929F521155124A900D60AEF /* NSStringUtil.m in Sources */,
				970F2C4C1564A74D00A787E5 /* FeedViewController.m in Sources */,
				9747F304156A27F9009DA030 /* MCSegmentedControl.m in Sources */,
				9747F326156A54B2009DA030 /* CategoryListViewController.m in Sources */,
			);
			runOnlyForDeploymentPostprocessing = 0;
		};
/* End PBXSourcesBuildPhase section */

/* Begin PBXVariantGroup section */
		902964A0152014AF002BAC2D /* InfoPlist.strings */ = {
			isa = PBXVariantGroup;
			children = (
				902964A1152014AF002BAC2D /* en */,
			);
			name = InfoPlist.strings;
			sourceTree = "<group>";
		};
		902964A9152014B0002BAC2D /* MainWindow.xib */ = {
			isa = PBXVariantGroup;
			children = (
				902964AA152014B0002BAC2D /* en */,
			);
			name = MainWindow.xib;
			sourceTree = "<group>";
		};
/* End PBXVariantGroup section */

/* Begin XCBuildConfiguration section */
		902964B8152014B0002BAC2D /* Debug */ = {
			isa = XCBuildConfiguration;
			buildSettings = {
				ALWAYS_SEARCH_USER_PATHS = NO;
				ARCHS = "$(ARCHS_STANDARD_32_BIT)";
				CLANG_ENABLE_OBJC_ARC = NO;
				"CODE_SIGN_IDENTITY[sdk=iphoneos*]" = "iPhone Developer";
				COPY_PHASE_STRIP = NO;
				GCC_C_LANGUAGE_STANDARD = gnu99;
				GCC_DYNAMIC_NO_PIC = NO;
				GCC_OPTIMIZATION_LEVEL = 0;
				GCC_PREPROCESSOR_DEFINITIONS = (
					"DEBUG=1",
					"$(inherited)",
				);
				GCC_SYMBOLS_PRIVATE_EXTERN = NO;
				GCC_VERSION = com.apple.compilers.llvm.clang.1_0;
				GCC_WARN_ABOUT_MISSING_PROTOTYPES = YES;
				GCC_WARN_ABOUT_RETURN_TYPE = YES;
				GCC_WARN_UNUSED_VARIABLE = YES;
				IPHONEOS_DEPLOYMENT_TARGET = 4.3;
				SDKROOT = iphoneos;
			};
			name = Debug;
		};
		902964B9152014B0002BAC2D /* Release */ = {
			isa = XCBuildConfiguration;
			buildSettings = {
				ALWAYS_SEARCH_USER_PATHS = NO;
				ARCHS = "$(ARCHS_STANDARD_32_BIT)";
				CLANG_ENABLE_OBJC_ARC = NO;
				"CODE_SIGN_IDENTITY[sdk=iphoneos*]" = "iPhone Developer";
				COPY_PHASE_STRIP = YES;
				GCC_C_LANGUAGE_STANDARD = gnu99;
				GCC_VERSION = com.apple.compilers.llvm.clang.1_0;
				GCC_WARN_ABOUT_MISSING_PROTOTYPES = YES;
				GCC_WARN_ABOUT_RETURN_TYPE = YES;
				GCC_WARN_UNUSED_VARIABLE = YES;
				IPHONEOS_DEPLOYMENT_TARGET = 4.3;
				OTHER_CFLAGS = "-DNS_BLOCK_ASSERTIONS=1";
				SDKROOT = iphoneos;
				VALIDATE_PRODUCT = YES;
			};
			name = Release;
		};
		902964BB152014B0002BAC2D /* Debug */ = {
			isa = XCBuildConfiguration;
			buildSettings = {
				CLANG_ENABLE_OBJC_ARC = YES;
				GCC_PRECOMPILE_PREFIX_HEADER = YES;
				GCC_PREFIX_HEADER = "recipe/recipe-Prefix.pch";
				GCC_VERSION = com.apple.compilers.llvm.clang.1_0;
				INFOPLIST_FILE = "recipe/recipe-Info.plist";
				IPHONEOS_DEPLOYMENT_TARGET = 5.0;
				PRODUCT_NAME = "$(TARGET_NAME)";
				RUN_CLANG_STATIC_ANALYZER = YES;
				TARGETED_DEVICE_FAMILY = 1;
				WRAPPER_EXTENSION = app;
			};
			name = Debug;
		};
		902964BC152014B0002BAC2D /* Release */ = {
			isa = XCBuildConfiguration;
			buildSettings = {
				CLANG_ENABLE_OBJC_ARC = YES;
				GCC_PRECOMPILE_PREFIX_HEADER = YES;
				GCC_PREFIX_HEADER = "recipe/recipe-Prefix.pch";
				GCC_VERSION = com.apple.compilers.llvm.clang.1_0;
				INFOPLIST_FILE = "recipe/recipe-Info.plist";
				IPHONEOS_DEPLOYMENT_TARGET = 5.0;
				PRODUCT_NAME = "$(TARGET_NAME)";
				RUN_CLANG_STATIC_ANALYZER = YES;
				TARGETED_DEVICE_FAMILY = 1;
				WRAPPER_EXTENSION = app;
			};
			name = Release;
		};
/* End XCBuildConfiguration section */

/* Begin XCConfigurationList section */
		9029648D152014AF002BAC2D /* Build configuration list for PBXProject "recipe" */ = {
			isa = XCConfigurationList;
			buildConfigurations = (
				902964B8152014B0002BAC2D /* Debug */,
				902964B9152014B0002BAC2D /* Release */,
			);
			defaultConfigurationIsVisible = 0;
			defaultConfigurationName = Release;
		};
		902964BA152014B0002BAC2D /* Build configuration list for PBXNativeTarget "recipe" */ = {
			isa = XCConfigurationList;
			buildConfigurations = (
				902964BB152014B0002BAC2D /* Debug */,
				902964BC152014B0002BAC2D /* Release */,
			);
			defaultConfigurationIsVisible = 0;
			defaultConfigurationName = Release;
		};
/* End XCConfigurationList section */
	};
	rootObject = 9029648A152014AF002BAC2D /* Project object */;
}
